
Microsoft Visual Studio Solution File, Format Version 12.00
# Visual Studio Version 17
VisualStudioVersion = 17.3.32929.385
MinimumVisualStudioVersion = 10.0.40219.1
Project("{9A19103F-16F7-4668-BE54-9A1E7A4F7556}") = "HomeBlaze", "HomeBlaze\HomeBlaze.csproj", "{8F77A432-8CE3-4D0D-A390-A06A0E0353DB}"
EndProject
Project("{9A19103F-16F7-4668-BE54-9A1E7A4F7556}") = "HomeBlaze.Services", "HomeBlaze.Services\HomeBlaze.Services.csproj", "{1C63E210-5922-46A4-9758-CB00ED9B57C2}"
EndProject
Project("{9A19103F-16F7-4668-BE54-9A1E7A4F7556}") = "HomeBlaze.Services.Tests", "HomeBlaze.Services.Tests\HomeBlaze.Services.Tests.csproj", "{6BE0BB84-2F02-4488-8D95-44767D189680}"
EndProject
Project("{9A19103F-16F7-4668-BE54-9A1E7A4F7556}") = "HomeBlaze.Abstractions", "HomeBlaze.Abstractions\HomeBlaze.Abstractions.csproj", "{8694C9A8-6C21-4A4E-961C-E5CB2CAC1B2A}"
EndProject
Project("{2150E333-8FDC-42A3-9474-1A3956D46DE8}") = "02 Things", "02 Things", "{EE54A413-EECC-426E-A0AE-9E0A7FAEACB2}"
EndProject
Project("{9A19103F-16F7-4668-BE54-9A1E7A4F7556}") = "HomeBlaze.MyStrom", "HomeBlaze.MyStrom\HomeBlaze.MyStrom.csproj", "{86515B8B-3FB4-469C-81D0-0609EB935642}"
EndProject
Project("{9A19103F-16F7-4668-BE54-9A1E7A4F7556}") = "HomeBlaze.Philips.Hue", "HomeBlaze.Philips.Hue\HomeBlaze.Philips.Hue.csproj", "{B30962CE-ED02-4B51-9DA2-9C45B9D88BB3}"
EndProject
Project("{9A19103F-16F7-4668-BE54-9A1E7A4F7556}") = "HomeBlaze.Components", "HomeBlaze.Components\HomeBlaze.Components.csproj", "{7F9F3F1B-C521-4FA6-A667-F263A3A46227}"
EndProject
Project("{9A19103F-16F7-4668-BE54-9A1E7A4F7556}") = "Namotion.Lights", "Namotion.Lights\Namotion.Lights.csproj", "{A2E08C03-2AA5-47F1-9E24-A22A7D70B135}"
EndProject
Project("{9A19103F-16F7-4668-BE54-9A1E7A4F7556}") = "Namotion.NuGetPlugins", "Namotion.NuGetPlugins\Namotion.NuGetPlugins.csproj", "{8A304D66-8814-44C2-BB66-F44FDEB61BAE}"
EndProject
Project("{9A19103F-16F7-4668-BE54-9A1E7A4F7556}") = "Namotion.NuGetPlugins.Sample", "Namotion.NuGetPlugins.Sample\Namotion.NuGetPlugins.Sample.csproj", "{384B2C0A-4755-4ADD-A8D3-1FC1FA3018F6}"
EndProject
Project("{9A19103F-16F7-4668-BE54-9A1E7A4F7556}") = "Namotion.NuGetPlugins.Tests", "Namotion.NuGetPlugins.Tests\Namotion.NuGetPlugins.Tests.csproj", "{E4963A00-704B-4B3F-90D6-3DE076A84C55}"
EndProject
Project("{9A19103F-16F7-4668-BE54-9A1E7A4F7556}") = "HomeBlaze.Host", "HomeBlaze.Host\HomeBlaze.Host.csproj", "{11F384B8-01FD-4B9A-9AF8-5EF79F50CA0F}"
EndProject
Project("{9A19103F-16F7-4668-BE54-9A1E7A4F7556}") = "HomeBlaze.Dynamic", "HomeBlaze.Dynamic\HomeBlaze.Dynamic.csproj", "{64C49E61-62C8-4948-A389-1FD42DD52C74}"
EndProject
Project("{9A19103F-16F7-4668-BE54-9A1E7A4F7556}") = "HomeBlaze.PushOver", "HomeBlaze.PushOver\HomeBlaze.PushOver.csproj", "{7E25BB70-7ECA-4B90-8BAA-2BAB52DA8E24}"
EndProject
Project("{9A19103F-16F7-4668-BE54-9A1E7A4F7556}") = "HomeBlaze.Nuki", "HomeBlaze.Nuki\HomeBlaze.Nuki.csproj", "{A0451853-360B-47BE-AA7A-B42D55E493B7}"
EndProject
Project("{9A19103F-16F7-4668-BE54-9A1E7A4F7556}") = "HomeBlaze.Asus.Router", "HomeBlaze.Asus.Router\HomeBlaze.Asus.Router.csproj", "{861D6EDC-8589-4A4D-AD3C-29C37E82F6FD}"
EndProject
Project("{9A19103F-16F7-4668-BE54-9A1E7A4F7556}") = "HomeBlaze.OpenWeatherMap", "HomeBlaze.OpenWeatherMap\HomeBlaze.OpenWeatherMap.csproj", "{D6822F86-BE59-472A-87FD-CACF554DFFBD}"
EndProject
Project("{9A19103F-16F7-4668-BE54-9A1E7A4F7556}") = "HomeBlaze.ThanksMister", "HomeBlaze.ThanksMister\HomeBlaze.ThanksMister.csproj", "{7AF8A166-6AFE-4E48-9441-4414CF3DCB2E}"
EndProject
Project("{9A19103F-16F7-4668-BE54-9A1E7A4F7556}") = "HomeBlaze.Xbox", "HomeBlaze.Xbox\HomeBlaze.Xbox.csproj", "{9502019D-4382-45B1-91C6-5E23C50A0CB3}"
EndProject
Project("{9A19103F-16F7-4668-BE54-9A1E7A4F7556}") = "HomeBlaze.Xbox.SmartGlass", "HomeBlaze.Xbox.SmartGlass\HomeBlaze.Xbox.SmartGlass.csproj", "{E81C13BC-22A9-4A26-9F8B-56EF18273040}"
EndProject
Project("{9A19103F-16F7-4668-BE54-9A1E7A4F7556}") = "HomeBlaze.Tesla", "HomeBlaze.Tesla\HomeBlaze.Tesla.csproj", "{CECB2934-A3D7-4367-B92C-29E60D8B4E06}"
EndProject
Project("{9A19103F-16F7-4668-BE54-9A1E7A4F7556}") = "HomeBlaze.Mqtt", "HomeBlaze.Mqtt\HomeBlaze.Mqtt.csproj", "{07310569-2985-4111-B78C-76710BCC7E30}"
EndProject
Project("{9A19103F-16F7-4668-BE54-9A1E7A4F7556}") = "HomeBlaze.Gardena", "HomeBlaze.Gardena\HomeBlaze.Gardena.csproj", "{88397972-BADA-4C73-ACCB-FFEAE784C49C}"
EndProject
Project("{9A19103F-16F7-4668-BE54-9A1E7A4F7556}") = "HomeBlaze.Logitech", "HomeBlaze.Logitech\HomeBlaze.Logitech.csproj", "{83A8AA4D-046E-41A8-A168-558CDA6A6BA4}"
EndProject
Project("{9A19103F-16F7-4668-BE54-9A1E7A4F7556}") = "HomeBlaze.Logitech.Harmony", "HomeBlaze.Logitech.Harmony\HomeBlaze.Logitech.Harmony.csproj", "{1F6DE970-E0D9-4BDC-BF8B-E10922A8EF62}"
EndProject
Project("{9A19103F-16F7-4668-BE54-9A1E7A4F7556}") = "HomeBlaze.Zwave", "HomeBlaze.Zwave\HomeBlaze.Zwave.csproj", "{FD4887D3-9F63-44CE-9777-A3C157B5281A}"
EndProject
Project("{9A19103F-16F7-4668-BE54-9A1E7A4F7556}") = "HomeBlaze.Widgets", "HomeBlaze.Widgets\HomeBlaze.Widgets.csproj", "{9220ED43-6E3B-4B61-93D6-79E53157E54C}"
EndProject
Project("{2150E333-8FDC-42A3-9474-1A3956D46DE8}") = "03 Extensions", "03 Extensions", "{C0DA79FF-A6FB-4148-8AB1-DB88ADD08DD2}"
EndProject
Project("{9A19103F-16F7-4668-BE54-9A1E7A4F7556}") = "HomeBlaze.Dynamic.Tests", "HomeBlaze.Dynamic.Tests\HomeBlaze.Dynamic.Tests.csproj", "{A866943C-40E0-469F-B33D-77E166148B86}"
EndProject
Project("{9A19103F-16F7-4668-BE54-9A1E7A4F7556}") = "HomeBlaze.RtspWebcam", "HomeBlaze.RtspWebcam\HomeBlaze.RtspWebcam.csproj", "{B83319FE-B797-4B99-8064-C63DE916D3FA}"
EndProject
Project("{9A19103F-16F7-4668-BE54-9A1E7A4F7556}") = "HomeBlaze.Luxtronik", "HomeBlaze.Luxtronik\HomeBlaze.Luxtronik.csproj", "{4A126B96-0AEA-4253-BCA7-504B52119078}"
EndProject
Project("{9A19103F-16F7-4668-BE54-9A1E7A4F7556}") = "HomeBlaze.SpeedtestNet", "HomeBlaze.SpeedtestNet\HomeBlaze.SpeedtestNet.csproj", "{E3D18A78-A514-4AD0-8D1E-7FA3D6FC2A29}"
EndProject
Project("{9A19103F-16F7-4668-BE54-9A1E7A4F7556}") = "HomeBlaze.Sonos", "HomeBlaze.Sonos\HomeBlaze.Sonos.csproj", "{75C88448-A1C1-4968-8F54-C98E5A1D078E}"
EndProject
Project("{9A19103F-16F7-4668-BE54-9A1E7A4F7556}") = "HomeBlaze.Shelly", "HomeBlaze.Shelly\HomeBlaze.Shelly.csproj", "{1DB6BA01-7DA7-47DA-922C-82210C96C3CD}"
EndProject
Project("{2150E333-8FDC-42A3-9474-1A3956D46DE8}") = "00 Build", "00 Build", "{448CDBC3-84DD-404D-96BD-CB259070DE3B}"
EndProject
Project("{9A19103F-16F7-4668-BE54-9A1E7A4F7556}") = "Namotion.Shelly", "Namotion.Shelly\Namotion.Shelly.csproj", "{CC54A2BC-3582-4C6A-A52A-FBCF3D30E10B}"
EndProject
Project("{9A19103F-16F7-4668-BE54-9A1E7A4F7556}") = "Namotion.Shelly.Tests", "Namotion.Shelly.Tests\Namotion.Shelly.Tests.csproj", "{790AB957-0889-4ABC-92DC-18253692343E}"
EndProject
Project("{9A19103F-16F7-4668-BE54-9A1E7A4F7556}") = "Namotion.Devices.Abstractions", "Namotion.Devices.Abstractions\Namotion.Devices.Abstractions.csproj", "{F87DE640-604F-4220-84D0-63B3DC592B52}"
EndProject
Project("{2150E333-8FDC-42A3-9474-1A3956D46DE8}") = "01 App", "01 App", "{21DEA135-AD2A-496B-8EA0-DD35BF178863}"
EndProject
Project("{2150E333-8FDC-42A3-9474-1A3956D46DE8}") = "04 Namotion Libraries", "04 Namotion Libraries", "{2716835A-86CD-4B82-85C8-FD1168E0513E}"
EndProject
Project("{9A19103F-16F7-4668-BE54-9A1E7A4F7556}") = "Namotion.Proxy", "Namotion.Proxy\Namotion.Proxy.csproj", "{215AE1C7-F113-4C41-8E66-3678FD9AA746}"
EndProject
Project("{9A19103F-16F7-4668-BE54-9A1E7A4F7556}") = "Namotion.Proxy.AspNetCore", "Namotion.Proxy.AspNetCore\Namotion.Proxy.AspNetCore.csproj", "{4DF4FF38-4D6F-4E89-9A12-FD1474A75BAA}"
EndProject
Project("{9A19103F-16F7-4668-BE54-9A1E7A4F7556}") = "Namotion.Proxy.Benchmark", "Namotion.Proxy.Benchmark\Namotion.Proxy.Benchmark.csproj", "{EFFF0605-03A7-4FD0-A934-F6F9B8E47C9A}"
EndProject
Project("{9A19103F-16F7-4668-BE54-9A1E7A4F7556}") = "Namotion.Proxy.Blazor", "Namotion.Proxy.Blazor\Namotion.Proxy.Blazor.csproj", "{4DA82FD4-B73C-4F9F-88ED-BF9C3569E83F}"
EndProject
Project("{9A19103F-16F7-4668-BE54-9A1E7A4F7556}") = "Namotion.Proxy.Generator", "Namotion.Proxy.Generator\Namotion.Proxy.Generator.csproj", "{6AE45E1A-E207-46DD-9B50-3466C3457EC4}"
EndProject
Project("{9A19103F-16F7-4668-BE54-9A1E7A4F7556}") = "Namotion.Proxy.GraphQL", "Namotion.Proxy.GraphQL\Namotion.Proxy.GraphQL.csproj", "{2AE9BD56-8036-4BC6-9510-5B13F7756413}"
EndProject
Project("{9A19103F-16F7-4668-BE54-9A1E7A4F7556}") = "Namotion.Proxy.Mqtt", "Namotion.Proxy.Mqtt\Namotion.Proxy.Mqtt.csproj", "{677D67C9-E4F6-4E43-8D8F-53D04C811B3A}"
EndProject
Project("{9A19103F-16F7-4668-BE54-9A1E7A4F7556}") = "Namotion.Proxy.OpcUa.Traeger", "Namotion.Proxy.OpcUa.Traeger\Namotion.Proxy.OpcUa.Traeger.csproj", "{ECE259E4-97CA-4006-82E2-1CE97DB0F2B3}"
EndProject
Project("{9A19103F-16F7-4668-BE54-9A1E7A4F7556}") = "Namotion.Proxy.SampleWeb", "Namotion.Proxy.SampleWeb\Namotion.Proxy.SampleWeb.csproj", "{E755E0DB-98E2-4AAE-B670-3E15C3B6A81F}"
EndProject
Project("{9A19103F-16F7-4668-BE54-9A1E7A4F7556}") = "Namotion.Proxy.SampleBlazor", "Namotion.Proxy.SampleBlazor\Namotion.Proxy.SampleBlazor.csproj", "{BF1C0A4E-6219-4718-B3B6-53B384206BB4}"
EndProject
Project("{9A19103F-16F7-4668-BE54-9A1E7A4F7556}") = "Namotion.Proxy.SampleMachine", "Namotion.Proxy.SampleMachine\Namotion.Proxy.SampleMachine.csproj", "{959B0563-7FD0-4A49-8962-C74765F36342}"
EndProject
Project("{9A19103F-16F7-4668-BE54-9A1E7A4F7556}") = "Namotion.Proxy.Sources", "Namotion.Proxy.Sources\Namotion.Proxy.Sources.csproj", "{24FACC1E-1D8F-4A3A-92AE-40E4BD440800}"
EndProject
Project("{9A19103F-16F7-4668-BE54-9A1E7A4F7556}") = "Namotion.Proxy.Tests", "Namotion.Proxy.Tests\Namotion.Proxy.Tests.csproj", "{F10F266E-991C-4778-B7AE-9441C24E70D0}"
EndProject
Project("{9A19103F-16F7-4668-BE54-9A1E7A4F7556}") = "Namotion.Proxy.OpcUa", "Namotion.Proxy.OpcUa\Namotion.Proxy.OpcUa.csproj", "{BB04D1D2-AE8E-4878-86B2-25F6A6F00940}"
EndProject
Project("{2150E333-8FDC-42A3-9474-1A3956D46DE8}") = "Shelly", "Shelly", "{218376CE-A3C9-493F-8C60-D1690C629FE5}"
EndProject
Project("{2150E333-8FDC-42A3-9474-1A3956D46DE8}") = "Wallbox", "Wallbox", "{125D4D2D-23D1-418B-8C1D-278DD614DD4F}"
EndProject
Project("{FAE04EC0-301F-11D3-BF4B-00C04F79EFBC}") = "Namotion.Wallbox", "Namotion.Wallbox\Namotion.Wallbox.csproj", "{19A7040A-45E6-437A-A4DE-89AD950BF563}"
EndProject
Project("{FAE04EC0-301F-11D3-BF4B-00C04F79EFBC}") = "Namotion.Wallbox.Tests", "Namotion.Wallbox.Tests\Namotion.Wallbox.Tests.csproj", "{01764EDC-4569-46BF-A967-9B81BF77873A}"
EndProject
Global
	GlobalSection(SolutionConfigurationPlatforms) = preSolution
		Debug|Any CPU = Debug|Any CPU
		Release|Any CPU = Release|Any CPU
	EndGlobalSection
	GlobalSection(ProjectConfigurationPlatforms) = postSolution
		{8F77A432-8CE3-4D0D-A390-A06A0E0353DB}.Debug|Any CPU.ActiveCfg = Debug|Any CPU
		{8F77A432-8CE3-4D0D-A390-A06A0E0353DB}.Debug|Any CPU.Build.0 = Debug|Any CPU
		{8F77A432-8CE3-4D0D-A390-A06A0E0353DB}.Release|Any CPU.ActiveCfg = Release|Any CPU
		{8F77A432-8CE3-4D0D-A390-A06A0E0353DB}.Release|Any CPU.Build.0 = Release|Any CPU
		{1C63E210-5922-46A4-9758-CB00ED9B57C2}.Debug|Any CPU.ActiveCfg = Debug|Any CPU
		{1C63E210-5922-46A4-9758-CB00ED9B57C2}.Debug|Any CPU.Build.0 = Debug|Any CPU
		{1C63E210-5922-46A4-9758-CB00ED9B57C2}.Release|Any CPU.ActiveCfg = Release|Any CPU
		{1C63E210-5922-46A4-9758-CB00ED9B57C2}.Release|Any CPU.Build.0 = Release|Any CPU
		{6BE0BB84-2F02-4488-8D95-44767D189680}.Debug|Any CPU.ActiveCfg = Debug|Any CPU
		{6BE0BB84-2F02-4488-8D95-44767D189680}.Debug|Any CPU.Build.0 = Debug|Any CPU
		{6BE0BB84-2F02-4488-8D95-44767D189680}.Release|Any CPU.ActiveCfg = Release|Any CPU
		{6BE0BB84-2F02-4488-8D95-44767D189680}.Release|Any CPU.Build.0 = Release|Any CPU
		{8694C9A8-6C21-4A4E-961C-E5CB2CAC1B2A}.Debug|Any CPU.ActiveCfg = Debug|Any CPU
		{8694C9A8-6C21-4A4E-961C-E5CB2CAC1B2A}.Debug|Any CPU.Build.0 = Debug|Any CPU
		{8694C9A8-6C21-4A4E-961C-E5CB2CAC1B2A}.Release|Any CPU.ActiveCfg = Release|Any CPU
		{8694C9A8-6C21-4A4E-961C-E5CB2CAC1B2A}.Release|Any CPU.Build.0 = Release|Any CPU
		{86515B8B-3FB4-469C-81D0-0609EB935642}.Debug|Any CPU.ActiveCfg = Debug|Any CPU
		{86515B8B-3FB4-469C-81D0-0609EB935642}.Debug|Any CPU.Build.0 = Debug|Any CPU
		{86515B8B-3FB4-469C-81D0-0609EB935642}.Release|Any CPU.ActiveCfg = Release|Any CPU
		{86515B8B-3FB4-469C-81D0-0609EB935642}.Release|Any CPU.Build.0 = Release|Any CPU
		{B30962CE-ED02-4B51-9DA2-9C45B9D88BB3}.Debug|Any CPU.ActiveCfg = Debug|Any CPU
		{B30962CE-ED02-4B51-9DA2-9C45B9D88BB3}.Debug|Any CPU.Build.0 = Debug|Any CPU
		{B30962CE-ED02-4B51-9DA2-9C45B9D88BB3}.Release|Any CPU.ActiveCfg = Release|Any CPU
		{B30962CE-ED02-4B51-9DA2-9C45B9D88BB3}.Release|Any CPU.Build.0 = Release|Any CPU
		{7F9F3F1B-C521-4FA6-A667-F263A3A46227}.Debug|Any CPU.ActiveCfg = Debug|Any CPU
		{7F9F3F1B-C521-4FA6-A667-F263A3A46227}.Debug|Any CPU.Build.0 = Debug|Any CPU
		{7F9F3F1B-C521-4FA6-A667-F263A3A46227}.Release|Any CPU.ActiveCfg = Release|Any CPU
		{7F9F3F1B-C521-4FA6-A667-F263A3A46227}.Release|Any CPU.Build.0 = Release|Any CPU
		{A2E08C03-2AA5-47F1-9E24-A22A7D70B135}.Debug|Any CPU.ActiveCfg = Debug|Any CPU
		{A2E08C03-2AA5-47F1-9E24-A22A7D70B135}.Debug|Any CPU.Build.0 = Debug|Any CPU
		{A2E08C03-2AA5-47F1-9E24-A22A7D70B135}.Release|Any CPU.ActiveCfg = Release|Any CPU
		{A2E08C03-2AA5-47F1-9E24-A22A7D70B135}.Release|Any CPU.Build.0 = Release|Any CPU
		{8A304D66-8814-44C2-BB66-F44FDEB61BAE}.Debug|Any CPU.ActiveCfg = Debug|Any CPU
		{8A304D66-8814-44C2-BB66-F44FDEB61BAE}.Debug|Any CPU.Build.0 = Debug|Any CPU
		{8A304D66-8814-44C2-BB66-F44FDEB61BAE}.Release|Any CPU.ActiveCfg = Release|Any CPU
		{8A304D66-8814-44C2-BB66-F44FDEB61BAE}.Release|Any CPU.Build.0 = Release|Any CPU
		{384B2C0A-4755-4ADD-A8D3-1FC1FA3018F6}.Debug|Any CPU.ActiveCfg = Debug|Any CPU
		{384B2C0A-4755-4ADD-A8D3-1FC1FA3018F6}.Debug|Any CPU.Build.0 = Debug|Any CPU
		{384B2C0A-4755-4ADD-A8D3-1FC1FA3018F6}.Release|Any CPU.ActiveCfg = Release|Any CPU
		{384B2C0A-4755-4ADD-A8D3-1FC1FA3018F6}.Release|Any CPU.Build.0 = Release|Any CPU
		{E4963A00-704B-4B3F-90D6-3DE076A84C55}.Debug|Any CPU.ActiveCfg = Debug|Any CPU
		{E4963A00-704B-4B3F-90D6-3DE076A84C55}.Debug|Any CPU.Build.0 = Debug|Any CPU
		{E4963A00-704B-4B3F-90D6-3DE076A84C55}.Release|Any CPU.ActiveCfg = Release|Any CPU
		{E4963A00-704B-4B3F-90D6-3DE076A84C55}.Release|Any CPU.Build.0 = Release|Any CPU
		{11F384B8-01FD-4B9A-9AF8-5EF79F50CA0F}.Debug|Any CPU.ActiveCfg = Debug|Any CPU
		{11F384B8-01FD-4B9A-9AF8-5EF79F50CA0F}.Debug|Any CPU.Build.0 = Debug|Any CPU
		{11F384B8-01FD-4B9A-9AF8-5EF79F50CA0F}.Release|Any CPU.ActiveCfg = Release|Any CPU
		{11F384B8-01FD-4B9A-9AF8-5EF79F50CA0F}.Release|Any CPU.Build.0 = Release|Any CPU
		{64C49E61-62C8-4948-A389-1FD42DD52C74}.Debug|Any CPU.ActiveCfg = Debug|Any CPU
		{64C49E61-62C8-4948-A389-1FD42DD52C74}.Debug|Any CPU.Build.0 = Debug|Any CPU
		{64C49E61-62C8-4948-A389-1FD42DD52C74}.Release|Any CPU.ActiveCfg = Release|Any CPU
		{64C49E61-62C8-4948-A389-1FD42DD52C74}.Release|Any CPU.Build.0 = Release|Any CPU
		{7E25BB70-7ECA-4B90-8BAA-2BAB52DA8E24}.Debug|Any CPU.ActiveCfg = Debug|Any CPU
		{7E25BB70-7ECA-4B90-8BAA-2BAB52DA8E24}.Debug|Any CPU.Build.0 = Debug|Any CPU
		{7E25BB70-7ECA-4B90-8BAA-2BAB52DA8E24}.Release|Any CPU.ActiveCfg = Release|Any CPU
		{7E25BB70-7ECA-4B90-8BAA-2BAB52DA8E24}.Release|Any CPU.Build.0 = Release|Any CPU
		{A0451853-360B-47BE-AA7A-B42D55E493B7}.Debug|Any CPU.ActiveCfg = Debug|Any CPU
		{A0451853-360B-47BE-AA7A-B42D55E493B7}.Debug|Any CPU.Build.0 = Debug|Any CPU
		{A0451853-360B-47BE-AA7A-B42D55E493B7}.Release|Any CPU.ActiveCfg = Release|Any CPU
		{A0451853-360B-47BE-AA7A-B42D55E493B7}.Release|Any CPU.Build.0 = Release|Any CPU
		{861D6EDC-8589-4A4D-AD3C-29C37E82F6FD}.Debug|Any CPU.ActiveCfg = Debug|Any CPU
		{861D6EDC-8589-4A4D-AD3C-29C37E82F6FD}.Debug|Any CPU.Build.0 = Debug|Any CPU
		{861D6EDC-8589-4A4D-AD3C-29C37E82F6FD}.Release|Any CPU.ActiveCfg = Release|Any CPU
		{861D6EDC-8589-4A4D-AD3C-29C37E82F6FD}.Release|Any CPU.Build.0 = Release|Any CPU
		{D6822F86-BE59-472A-87FD-CACF554DFFBD}.Debug|Any CPU.ActiveCfg = Debug|Any CPU
		{D6822F86-BE59-472A-87FD-CACF554DFFBD}.Debug|Any CPU.Build.0 = Debug|Any CPU
		{D6822F86-BE59-472A-87FD-CACF554DFFBD}.Release|Any CPU.ActiveCfg = Release|Any CPU
		{D6822F86-BE59-472A-87FD-CACF554DFFBD}.Release|Any CPU.Build.0 = Release|Any CPU
		{7AF8A166-6AFE-4E48-9441-4414CF3DCB2E}.Debug|Any CPU.ActiveCfg = Debug|Any CPU
		{7AF8A166-6AFE-4E48-9441-4414CF3DCB2E}.Debug|Any CPU.Build.0 = Debug|Any CPU
		{7AF8A166-6AFE-4E48-9441-4414CF3DCB2E}.Release|Any CPU.ActiveCfg = Release|Any CPU
		{7AF8A166-6AFE-4E48-9441-4414CF3DCB2E}.Release|Any CPU.Build.0 = Release|Any CPU
		{9502019D-4382-45B1-91C6-5E23C50A0CB3}.Debug|Any CPU.ActiveCfg = Debug|Any CPU
		{9502019D-4382-45B1-91C6-5E23C50A0CB3}.Debug|Any CPU.Build.0 = Debug|Any CPU
		{9502019D-4382-45B1-91C6-5E23C50A0CB3}.Release|Any CPU.ActiveCfg = Release|Any CPU
		{9502019D-4382-45B1-91C6-5E23C50A0CB3}.Release|Any CPU.Build.0 = Release|Any CPU
		{E81C13BC-22A9-4A26-9F8B-56EF18273040}.Debug|Any CPU.ActiveCfg = Debug|Any CPU
		{E81C13BC-22A9-4A26-9F8B-56EF18273040}.Debug|Any CPU.Build.0 = Debug|Any CPU
		{E81C13BC-22A9-4A26-9F8B-56EF18273040}.Release|Any CPU.ActiveCfg = Release|Any CPU
		{E81C13BC-22A9-4A26-9F8B-56EF18273040}.Release|Any CPU.Build.0 = Release|Any CPU
		{CECB2934-A3D7-4367-B92C-29E60D8B4E06}.Debug|Any CPU.ActiveCfg = Debug|Any CPU
		{CECB2934-A3D7-4367-B92C-29E60D8B4E06}.Debug|Any CPU.Build.0 = Debug|Any CPU
		{CECB2934-A3D7-4367-B92C-29E60D8B4E06}.Release|Any CPU.ActiveCfg = Release|Any CPU
		{CECB2934-A3D7-4367-B92C-29E60D8B4E06}.Release|Any CPU.Build.0 = Release|Any CPU
		{07310569-2985-4111-B78C-76710BCC7E30}.Debug|Any CPU.ActiveCfg = Debug|Any CPU
		{07310569-2985-4111-B78C-76710BCC7E30}.Debug|Any CPU.Build.0 = Debug|Any CPU
		{07310569-2985-4111-B78C-76710BCC7E30}.Release|Any CPU.ActiveCfg = Release|Any CPU
		{07310569-2985-4111-B78C-76710BCC7E30}.Release|Any CPU.Build.0 = Release|Any CPU
		{88397972-BADA-4C73-ACCB-FFEAE784C49C}.Debug|Any CPU.ActiveCfg = Debug|Any CPU
		{88397972-BADA-4C73-ACCB-FFEAE784C49C}.Debug|Any CPU.Build.0 = Debug|Any CPU
		{88397972-BADA-4C73-ACCB-FFEAE784C49C}.Release|Any CPU.ActiveCfg = Release|Any CPU
		{88397972-BADA-4C73-ACCB-FFEAE784C49C}.Release|Any CPU.Build.0 = Release|Any CPU
		{83A8AA4D-046E-41A8-A168-558CDA6A6BA4}.Debug|Any CPU.ActiveCfg = Debug|Any CPU
		{83A8AA4D-046E-41A8-A168-558CDA6A6BA4}.Debug|Any CPU.Build.0 = Debug|Any CPU
		{83A8AA4D-046E-41A8-A168-558CDA6A6BA4}.Release|Any CPU.ActiveCfg = Release|Any CPU
		{83A8AA4D-046E-41A8-A168-558CDA6A6BA4}.Release|Any CPU.Build.0 = Release|Any CPU
		{1F6DE970-E0D9-4BDC-BF8B-E10922A8EF62}.Debug|Any CPU.ActiveCfg = Debug|Any CPU
		{1F6DE970-E0D9-4BDC-BF8B-E10922A8EF62}.Debug|Any CPU.Build.0 = Debug|Any CPU
		{1F6DE970-E0D9-4BDC-BF8B-E10922A8EF62}.Release|Any CPU.ActiveCfg = Release|Any CPU
		{1F6DE970-E0D9-4BDC-BF8B-E10922A8EF62}.Release|Any CPU.Build.0 = Release|Any CPU
		{FD4887D3-9F63-44CE-9777-A3C157B5281A}.Debug|Any CPU.ActiveCfg = Debug|Any CPU
		{FD4887D3-9F63-44CE-9777-A3C157B5281A}.Debug|Any CPU.Build.0 = Debug|Any CPU
		{FD4887D3-9F63-44CE-9777-A3C157B5281A}.Release|Any CPU.ActiveCfg = Release|Any CPU
		{FD4887D3-9F63-44CE-9777-A3C157B5281A}.Release|Any CPU.Build.0 = Release|Any CPU
		{9220ED43-6E3B-4B61-93D6-79E53157E54C}.Debug|Any CPU.ActiveCfg = Debug|Any CPU
		{9220ED43-6E3B-4B61-93D6-79E53157E54C}.Debug|Any CPU.Build.0 = Debug|Any CPU
		{9220ED43-6E3B-4B61-93D6-79E53157E54C}.Release|Any CPU.ActiveCfg = Release|Any CPU
		{9220ED43-6E3B-4B61-93D6-79E53157E54C}.Release|Any CPU.Build.0 = Release|Any CPU
		{A866943C-40E0-469F-B33D-77E166148B86}.Debug|Any CPU.ActiveCfg = Debug|Any CPU
		{A866943C-40E0-469F-B33D-77E166148B86}.Debug|Any CPU.Build.0 = Debug|Any CPU
		{A866943C-40E0-469F-B33D-77E166148B86}.Release|Any CPU.ActiveCfg = Release|Any CPU
		{A866943C-40E0-469F-B33D-77E166148B86}.Release|Any CPU.Build.0 = Release|Any CPU
		{B83319FE-B797-4B99-8064-C63DE916D3FA}.Debug|Any CPU.ActiveCfg = Debug|Any CPU
		{B83319FE-B797-4B99-8064-C63DE916D3FA}.Debug|Any CPU.Build.0 = Debug|Any CPU
		{B83319FE-B797-4B99-8064-C63DE916D3FA}.Release|Any CPU.ActiveCfg = Release|Any CPU
		{B83319FE-B797-4B99-8064-C63DE916D3FA}.Release|Any CPU.Build.0 = Release|Any CPU
		{4A126B96-0AEA-4253-BCA7-504B52119078}.Debug|Any CPU.ActiveCfg = Debug|Any CPU
		{4A126B96-0AEA-4253-BCA7-504B52119078}.Debug|Any CPU.Build.0 = Debug|Any CPU
		{4A126B96-0AEA-4253-BCA7-504B52119078}.Release|Any CPU.ActiveCfg = Release|Any CPU
		{4A126B96-0AEA-4253-BCA7-504B52119078}.Release|Any CPU.Build.0 = Release|Any CPU
		{E3D18A78-A514-4AD0-8D1E-7FA3D6FC2A29}.Debug|Any CPU.ActiveCfg = Debug|Any CPU
		{E3D18A78-A514-4AD0-8D1E-7FA3D6FC2A29}.Debug|Any CPU.Build.0 = Debug|Any CPU
		{E3D18A78-A514-4AD0-8D1E-7FA3D6FC2A29}.Release|Any CPU.ActiveCfg = Release|Any CPU
		{E3D18A78-A514-4AD0-8D1E-7FA3D6FC2A29}.Release|Any CPU.Build.0 = Release|Any CPU
		{75C88448-A1C1-4968-8F54-C98E5A1D078E}.Debug|Any CPU.ActiveCfg = Debug|Any CPU
		{75C88448-A1C1-4968-8F54-C98E5A1D078E}.Debug|Any CPU.Build.0 = Debug|Any CPU
		{75C88448-A1C1-4968-8F54-C98E5A1D078E}.Release|Any CPU.ActiveCfg = Release|Any CPU
		{75C88448-A1C1-4968-8F54-C98E5A1D078E}.Release|Any CPU.Build.0 = Release|Any CPU
		{1DB6BA01-7DA7-47DA-922C-82210C96C3CD}.Debug|Any CPU.ActiveCfg = Debug|Any CPU
		{1DB6BA01-7DA7-47DA-922C-82210C96C3CD}.Debug|Any CPU.Build.0 = Debug|Any CPU
		{1DB6BA01-7DA7-47DA-922C-82210C96C3CD}.Release|Any CPU.ActiveCfg = Release|Any CPU
		{1DB6BA01-7DA7-47DA-922C-82210C96C3CD}.Release|Any CPU.Build.0 = Release|Any CPU
		{CC54A2BC-3582-4C6A-A52A-FBCF3D30E10B}.Debug|Any CPU.ActiveCfg = Debug|Any CPU
		{CC54A2BC-3582-4C6A-A52A-FBCF3D30E10B}.Debug|Any CPU.Build.0 = Debug|Any CPU
		{CC54A2BC-3582-4C6A-A52A-FBCF3D30E10B}.Release|Any CPU.ActiveCfg = Release|Any CPU
		{CC54A2BC-3582-4C6A-A52A-FBCF3D30E10B}.Release|Any CPU.Build.0 = Release|Any CPU
		{790AB957-0889-4ABC-92DC-18253692343E}.Debug|Any CPU.ActiveCfg = Debug|Any CPU
		{790AB957-0889-4ABC-92DC-18253692343E}.Debug|Any CPU.Build.0 = Debug|Any CPU
		{790AB957-0889-4ABC-92DC-18253692343E}.Release|Any CPU.ActiveCfg = Release|Any CPU
		{790AB957-0889-4ABC-92DC-18253692343E}.Release|Any CPU.Build.0 = Release|Any CPU
		{F87DE640-604F-4220-84D0-63B3DC592B52}.Debug|Any CPU.ActiveCfg = Debug|Any CPU
		{F87DE640-604F-4220-84D0-63B3DC592B52}.Debug|Any CPU.Build.0 = Debug|Any CPU
		{F87DE640-604F-4220-84D0-63B3DC592B52}.Release|Any CPU.ActiveCfg = Release|Any CPU
		{F87DE640-604F-4220-84D0-63B3DC592B52}.Release|Any CPU.Build.0 = Release|Any CPU
		{215AE1C7-F113-4C41-8E66-3678FD9AA746}.Debug|Any CPU.ActiveCfg = Debug|Any CPU
		{215AE1C7-F113-4C41-8E66-3678FD9AA746}.Debug|Any CPU.Build.0 = Debug|Any CPU
		{215AE1C7-F113-4C41-8E66-3678FD9AA746}.Release|Any CPU.ActiveCfg = Release|Any CPU
		{215AE1C7-F113-4C41-8E66-3678FD9AA746}.Release|Any CPU.Build.0 = Release|Any CPU
		{4DF4FF38-4D6F-4E89-9A12-FD1474A75BAA}.Debug|Any CPU.ActiveCfg = Debug|Any CPU
		{4DF4FF38-4D6F-4E89-9A12-FD1474A75BAA}.Debug|Any CPU.Build.0 = Debug|Any CPU
		{4DF4FF38-4D6F-4E89-9A12-FD1474A75BAA}.Release|Any CPU.ActiveCfg = Release|Any CPU
		{4DF4FF38-4D6F-4E89-9A12-FD1474A75BAA}.Release|Any CPU.Build.0 = Release|Any CPU
		{EFFF0605-03A7-4FD0-A934-F6F9B8E47C9A}.Debug|Any CPU.ActiveCfg = Debug|Any CPU
		{EFFF0605-03A7-4FD0-A934-F6F9B8E47C9A}.Debug|Any CPU.Build.0 = Debug|Any CPU
		{EFFF0605-03A7-4FD0-A934-F6F9B8E47C9A}.Release|Any CPU.ActiveCfg = Release|Any CPU
		{EFFF0605-03A7-4FD0-A934-F6F9B8E47C9A}.Release|Any CPU.Build.0 = Release|Any CPU
		{4DA82FD4-B73C-4F9F-88ED-BF9C3569E83F}.Debug|Any CPU.ActiveCfg = Debug|Any CPU
		{4DA82FD4-B73C-4F9F-88ED-BF9C3569E83F}.Debug|Any CPU.Build.0 = Debug|Any CPU
		{4DA82FD4-B73C-4F9F-88ED-BF9C3569E83F}.Release|Any CPU.ActiveCfg = Release|Any CPU
		{4DA82FD4-B73C-4F9F-88ED-BF9C3569E83F}.Release|Any CPU.Build.0 = Release|Any CPU
		{6AE45E1A-E207-46DD-9B50-3466C3457EC4}.Debug|Any CPU.ActiveCfg = Debug|Any CPU
		{6AE45E1A-E207-46DD-9B50-3466C3457EC4}.Debug|Any CPU.Build.0 = Debug|Any CPU
		{6AE45E1A-E207-46DD-9B50-3466C3457EC4}.Release|Any CPU.ActiveCfg = Release|Any CPU
		{6AE45E1A-E207-46DD-9B50-3466C3457EC4}.Release|Any CPU.Build.0 = Release|Any CPU
		{2AE9BD56-8036-4BC6-9510-5B13F7756413}.Debug|Any CPU.ActiveCfg = Debug|Any CPU
		{2AE9BD56-8036-4BC6-9510-5B13F7756413}.Debug|Any CPU.Build.0 = Debug|Any CPU
		{2AE9BD56-8036-4BC6-9510-5B13F7756413}.Release|Any CPU.ActiveCfg = Release|Any CPU
		{2AE9BD56-8036-4BC6-9510-5B13F7756413}.Release|Any CPU.Build.0 = Release|Any CPU
		{677D67C9-E4F6-4E43-8D8F-53D04C811B3A}.Debug|Any CPU.ActiveCfg = Debug|Any CPU
		{677D67C9-E4F6-4E43-8D8F-53D04C811B3A}.Debug|Any CPU.Build.0 = Debug|Any CPU
		{677D67C9-E4F6-4E43-8D8F-53D04C811B3A}.Release|Any CPU.ActiveCfg = Release|Any CPU
		{677D67C9-E4F6-4E43-8D8F-53D04C811B3A}.Release|Any CPU.Build.0 = Release|Any CPU
		{ECE259E4-97CA-4006-82E2-1CE97DB0F2B3}.Debug|Any CPU.ActiveCfg = Debug|Any CPU
		{ECE259E4-97CA-4006-82E2-1CE97DB0F2B3}.Debug|Any CPU.Build.0 = Debug|Any CPU
		{ECE259E4-97CA-4006-82E2-1CE97DB0F2B3}.Release|Any CPU.ActiveCfg = Release|Any CPU
		{ECE259E4-97CA-4006-82E2-1CE97DB0F2B3}.Release|Any CPU.Build.0 = Release|Any CPU
		{E755E0DB-98E2-4AAE-B670-3E15C3B6A81F}.Debug|Any CPU.ActiveCfg = Debug|Any CPU
		{E755E0DB-98E2-4AAE-B670-3E15C3B6A81F}.Debug|Any CPU.Build.0 = Debug|Any CPU
		{E755E0DB-98E2-4AAE-B670-3E15C3B6A81F}.Release|Any CPU.ActiveCfg = Release|Any CPU
		{E755E0DB-98E2-4AAE-B670-3E15C3B6A81F}.Release|Any CPU.Build.0 = Release|Any CPU
		{BF1C0A4E-6219-4718-B3B6-53B384206BB4}.Debug|Any CPU.ActiveCfg = Debug|Any CPU
		{BF1C0A4E-6219-4718-B3B6-53B384206BB4}.Debug|Any CPU.Build.0 = Debug|Any CPU
		{BF1C0A4E-6219-4718-B3B6-53B384206BB4}.Release|Any CPU.ActiveCfg = Release|Any CPU
		{BF1C0A4E-6219-4718-B3B6-53B384206BB4}.Release|Any CPU.Build.0 = Release|Any CPU
		{959B0563-7FD0-4A49-8962-C74765F36342}.Debug|Any CPU.ActiveCfg = Debug|Any CPU
		{959B0563-7FD0-4A49-8962-C74765F36342}.Debug|Any CPU.Build.0 = Debug|Any CPU
		{959B0563-7FD0-4A49-8962-C74765F36342}.Release|Any CPU.ActiveCfg = Release|Any CPU
		{959B0563-7FD0-4A49-8962-C74765F36342}.Release|Any CPU.Build.0 = Release|Any CPU
		{24FACC1E-1D8F-4A3A-92AE-40E4BD440800}.Debug|Any CPU.ActiveCfg = Debug|Any CPU
		{24FACC1E-1D8F-4A3A-92AE-40E4BD440800}.Debug|Any CPU.Build.0 = Debug|Any CPU
		{24FACC1E-1D8F-4A3A-92AE-40E4BD440800}.Release|Any CPU.ActiveCfg = Release|Any CPU
		{24FACC1E-1D8F-4A3A-92AE-40E4BD440800}.Release|Any CPU.Build.0 = Release|Any CPU
		{F10F266E-991C-4778-B7AE-9441C24E70D0}.Debug|Any CPU.ActiveCfg = Debug|Any CPU
		{F10F266E-991C-4778-B7AE-9441C24E70D0}.Debug|Any CPU.Build.0 = Debug|Any CPU
		{F10F266E-991C-4778-B7AE-9441C24E70D0}.Release|Any CPU.ActiveCfg = Release|Any CPU
		{F10F266E-991C-4778-B7AE-9441C24E70D0}.Release|Any CPU.Build.0 = Release|Any CPU
		{BB04D1D2-AE8E-4878-86B2-25F6A6F00940}.Debug|Any CPU.ActiveCfg = Debug|Any CPU
		{BB04D1D2-AE8E-4878-86B2-25F6A6F00940}.Debug|Any CPU.Build.0 = Debug|Any CPU
		{BB04D1D2-AE8E-4878-86B2-25F6A6F00940}.Release|Any CPU.ActiveCfg = Release|Any CPU
		{BB04D1D2-AE8E-4878-86B2-25F6A6F00940}.Release|Any CPU.Build.0 = Release|Any CPU
		{19A7040A-45E6-437A-A4DE-89AD950BF563}.Debug|Any CPU.ActiveCfg = Debug|Any CPU
		{19A7040A-45E6-437A-A4DE-89AD950BF563}.Debug|Any CPU.Build.0 = Debug|Any CPU
		{19A7040A-45E6-437A-A4DE-89AD950BF563}.Release|Any CPU.ActiveCfg = Release|Any CPU
		{19A7040A-45E6-437A-A4DE-89AD950BF563}.Release|Any CPU.Build.0 = Release|Any CPU
		{01764EDC-4569-46BF-A967-9B81BF77873A}.Debug|Any CPU.ActiveCfg = Debug|Any CPU
		{01764EDC-4569-46BF-A967-9B81BF77873A}.Debug|Any CPU.Build.0 = Debug|Any CPU
		{01764EDC-4569-46BF-A967-9B81BF77873A}.Release|Any CPU.ActiveCfg = Release|Any CPU
		{01764EDC-4569-46BF-A967-9B81BF77873A}.Release|Any CPU.Build.0 = Release|Any CPU
	EndGlobalSection
	GlobalSection(SolutionProperties) = preSolution
		HideSolutionNode = FALSE
	EndGlobalSection
	GlobalSection(NestedProjects) = preSolution
		{8F77A432-8CE3-4D0D-A390-A06A0E0353DB} = {21DEA135-AD2A-496B-8EA0-DD35BF178863}
		{1C63E210-5922-46A4-9758-CB00ED9B57C2} = {21DEA135-AD2A-496B-8EA0-DD35BF178863}
		{6BE0BB84-2F02-4488-8D95-44767D189680} = {21DEA135-AD2A-496B-8EA0-DD35BF178863}
		{8694C9A8-6C21-4A4E-961C-E5CB2CAC1B2A} = {21DEA135-AD2A-496B-8EA0-DD35BF178863}
		{86515B8B-3FB4-469C-81D0-0609EB935642} = {EE54A413-EECC-426E-A0AE-9E0A7FAEACB2}
		{B30962CE-ED02-4B51-9DA2-9C45B9D88BB3} = {EE54A413-EECC-426E-A0AE-9E0A7FAEACB2}
		{7F9F3F1B-C521-4FA6-A667-F263A3A46227} = {21DEA135-AD2A-496B-8EA0-DD35BF178863}
		{A2E08C03-2AA5-47F1-9E24-A22A7D70B135} = {C0DA79FF-A6FB-4148-8AB1-DB88ADD08DD2}
		{8A304D66-8814-44C2-BB66-F44FDEB61BAE} = {2716835A-86CD-4B82-85C8-FD1168E0513E}
		{384B2C0A-4755-4ADD-A8D3-1FC1FA3018F6} = {2716835A-86CD-4B82-85C8-FD1168E0513E}
		{E4963A00-704B-4B3F-90D6-3DE076A84C55} = {2716835A-86CD-4B82-85C8-FD1168E0513E}
		{11F384B8-01FD-4B9A-9AF8-5EF79F50CA0F} = {21DEA135-AD2A-496B-8EA0-DD35BF178863}
		{64C49E61-62C8-4948-A389-1FD42DD52C74} = {21DEA135-AD2A-496B-8EA0-DD35BF178863}
		{7E25BB70-7ECA-4B90-8BAA-2BAB52DA8E24} = {EE54A413-EECC-426E-A0AE-9E0A7FAEACB2}
		{A0451853-360B-47BE-AA7A-B42D55E493B7} = {EE54A413-EECC-426E-A0AE-9E0A7FAEACB2}
		{861D6EDC-8589-4A4D-AD3C-29C37E82F6FD} = {EE54A413-EECC-426E-A0AE-9E0A7FAEACB2}
		{D6822F86-BE59-472A-87FD-CACF554DFFBD} = {EE54A413-EECC-426E-A0AE-9E0A7FAEACB2}
		{7AF8A166-6AFE-4E48-9441-4414CF3DCB2E} = {EE54A413-EECC-426E-A0AE-9E0A7FAEACB2}
		{9502019D-4382-45B1-91C6-5E23C50A0CB3} = {EE54A413-EECC-426E-A0AE-9E0A7FAEACB2}
		{E81C13BC-22A9-4A26-9F8B-56EF18273040} = {EE54A413-EECC-426E-A0AE-9E0A7FAEACB2}
		{CECB2934-A3D7-4367-B92C-29E60D8B4E06} = {EE54A413-EECC-426E-A0AE-9E0A7FAEACB2}
		{07310569-2985-4111-B78C-76710BCC7E30} = {EE54A413-EECC-426E-A0AE-9E0A7FAEACB2}
		{88397972-BADA-4C73-ACCB-FFEAE784C49C} = {EE54A413-EECC-426E-A0AE-9E0A7FAEACB2}
		{83A8AA4D-046E-41A8-A168-558CDA6A6BA4} = {EE54A413-EECC-426E-A0AE-9E0A7FAEACB2}
		{1F6DE970-E0D9-4BDC-BF8B-E10922A8EF62} = {EE54A413-EECC-426E-A0AE-9E0A7FAEACB2}
		{FD4887D3-9F63-44CE-9777-A3C157B5281A} = {EE54A413-EECC-426E-A0AE-9E0A7FAEACB2}
		{9220ED43-6E3B-4B61-93D6-79E53157E54C} = {21DEA135-AD2A-496B-8EA0-DD35BF178863}
		{A866943C-40E0-469F-B33D-77E166148B86} = {21DEA135-AD2A-496B-8EA0-DD35BF178863}
		{B83319FE-B797-4B99-8064-C63DE916D3FA} = {EE54A413-EECC-426E-A0AE-9E0A7FAEACB2}
		{4A126B96-0AEA-4253-BCA7-504B52119078} = {EE54A413-EECC-426E-A0AE-9E0A7FAEACB2}
		{E3D18A78-A514-4AD0-8D1E-7FA3D6FC2A29} = {EE54A413-EECC-426E-A0AE-9E0A7FAEACB2}
		{75C88448-A1C1-4968-8F54-C98E5A1D078E} = {EE54A413-EECC-426E-A0AE-9E0A7FAEACB2}
		{1DB6BA01-7DA7-47DA-922C-82210C96C3CD} = {218376CE-A3C9-493F-8C60-D1690C629FE5}
		{CC54A2BC-3582-4C6A-A52A-FBCF3D30E10B} = {218376CE-A3C9-493F-8C60-D1690C629FE5}
		{790AB957-0889-4ABC-92DC-18253692343E} = {218376CE-A3C9-493F-8C60-D1690C629FE5}
		{F87DE640-604F-4220-84D0-63B3DC592B52} = {2716835A-86CD-4B82-85C8-FD1168E0513E}
		{215AE1C7-F113-4C41-8E66-3678FD9AA746} = {2716835A-86CD-4B82-85C8-FD1168E0513E}
		{4DF4FF38-4D6F-4E89-9A12-FD1474A75BAA} = {2716835A-86CD-4B82-85C8-FD1168E0513E}
		{EFFF0605-03A7-4FD0-A934-F6F9B8E47C9A} = {2716835A-86CD-4B82-85C8-FD1168E0513E}
		{4DA82FD4-B73C-4F9F-88ED-BF9C3569E83F} = {2716835A-86CD-4B82-85C8-FD1168E0513E}
		{6AE45E1A-E207-46DD-9B50-3466C3457EC4} = {2716835A-86CD-4B82-85C8-FD1168E0513E}
		{2AE9BD56-8036-4BC6-9510-5B13F7756413} = {2716835A-86CD-4B82-85C8-FD1168E0513E}
		{677D67C9-E4F6-4E43-8D8F-53D04C811B3A} = {2716835A-86CD-4B82-85C8-FD1168E0513E}
		{ECE259E4-97CA-4006-82E2-1CE97DB0F2B3} = {2716835A-86CD-4B82-85C8-FD1168E0513E}
		{E755E0DB-98E2-4AAE-B670-3E15C3B6A81F} = {2716835A-86CD-4B82-85C8-FD1168E0513E}
		{BF1C0A4E-6219-4718-B3B6-53B384206BB4} = {2716835A-86CD-4B82-85C8-FD1168E0513E}
		{959B0563-7FD0-4A49-8962-C74765F36342} = {2716835A-86CD-4B82-85C8-FD1168E0513E}
		{24FACC1E-1D8F-4A3A-92AE-40E4BD440800} = {2716835A-86CD-4B82-85C8-FD1168E0513E}
		{F10F266E-991C-4778-B7AE-9441C24E70D0} = {2716835A-86CD-4B82-85C8-FD1168E0513E}
		{BB04D1D2-AE8E-4878-86B2-25F6A6F00940} = {2716835A-86CD-4B82-85C8-FD1168E0513E}
		{218376CE-A3C9-493F-8C60-D1690C629FE5} = {EE54A413-EECC-426E-A0AE-9E0A7FAEACB2}
		{125D4D2D-23D1-418B-8C1D-278DD614DD4F} = {EE54A413-EECC-426E-A0AE-9E0A7FAEACB2}
		{19A7040A-45E6-437A-A4DE-89AD950BF563} = {125D4D2D-23D1-418B-8C1D-278DD614DD4F}
		{01764EDC-4569-46BF-A967-9B81BF77873A} = {125D4D2D-23D1-418B-8C1D-278DD614DD4F}
	EndGlobalSection
	GlobalSection(ExtensibilityGlobals) = postSolution
		SolutionGuid = {67090661-749A-440E-BA59-292FCE80B866}
	EndGlobalSection
EndGlobal
