
Microsoft Visual Studio Solution File, Format Version 12.00
# Visual Studio Version 17
VisualStudioVersion = 17.3.32929.385
MinimumVisualStudioVersion = 10.0.40219.1
Project("{9A19103F-16F7-4668-BE54-9A1E7A4F7556}") = "HomeBlaze", "HomeBlaze\HomeBlaze.csproj", "{8F77A432-8CE3-4D0D-A390-A06A0E0353DB}"
EndProject
Project("{9A19103F-16F7-4668-BE54-9A1E7A4F7556}") = "HomeBlaze.Services", "HomeBlaze.Services\HomeBlaze.Services.csproj", "{1C63E210-5922-46A4-9758-CB00ED9B57C2}"
EndProject
Project("{9A19103F-16F7-4668-BE54-9A1E7A4F7556}") = "HomeBlaze.Services.Tests", "HomeBlaze.Services.Tests\HomeBlaze.Services.Tests.csproj", "{6BE0BB84-2F02-4488-8D95-44767D189680}"
EndProject
Project("{9A19103F-16F7-4668-BE54-9A1E7A4F7556}") = "HomeBlaze.Abstractions", "HomeBlaze.Abstractions\HomeBlaze.Abstractions.csproj", "{8694C9A8-6C21-4A4E-961C-E5CB2CAC1B2A}"
EndProject
Project("{2150E333-8FDC-42A3-9474-1A3956D46DE8}") = "Things", "Things", "{EE54A413-EECC-426E-A0AE-9E0A7FAEACB2}"
EndProject
Project("{9A19103F-16F7-4668-BE54-9A1E7A4F7556}") = "HomeBlaze.MyStrom", "HomeBlaze.MyStrom\HomeBlaze.MyStrom.csproj", "{86515B8B-3FB4-469C-81D0-0609EB935642}"
EndProject
Project("{9A19103F-16F7-4668-BE54-9A1E7A4F7556}") = "HomeBlaze.Philips.Hue", "HomeBlaze.Philips.Hue\HomeBlaze.Philips.Hue.csproj", "{B30962CE-ED02-4B51-9DA2-9C45B9D88BB3}"
EndProject
Project("{9A19103F-16F7-4668-BE54-9A1E7A4F7556}") = "HomeBlaze.Components", "HomeBlaze.Components\HomeBlaze.Components.csproj", "{7F9F3F1B-C521-4FA6-A667-F263A3A46227}"
EndProject
Project("{9A19103F-16F7-4668-BE54-9A1E7A4F7556}") = "Namotion.Lights", "Namotion.Lights\Namotion.Lights.csproj", "{A2E08C03-2AA5-47F1-9E24-A22A7D70B135}"
EndProject
Project("{9A19103F-16F7-4668-BE54-9A1E7A4F7556}") = "Namotion.NuGetPlugins", "Namotion.NuGetPlugins\Namotion.NuGetPlugins.csproj", "{8A304D66-8814-44C2-BB66-F44FDEB61BAE}"
EndProject
Project("{9A19103F-16F7-4668-BE54-9A1E7A4F7556}") = "Namotion.NuGetPlugins.Sample", "Namotion.NuGetPlugins.Sample\Namotion.NuGetPlugins.Sample.csproj", "{384B2C0A-4755-4ADD-A8D3-1FC1FA3018F6}"
EndProject
Project("{9A19103F-16F7-4668-BE54-9A1E7A4F7556}") = "Namotion.NuGetPlugins.Tests", "Namotion.NuGetPlugins.Tests\Namotion.NuGetPlugins.Tests.csproj", "{E4963A00-704B-4B3F-90D6-3DE076A84C55}"
EndProject
Project("{2150E333-8FDC-42A3-9474-1A3956D46DE8}") = "Libraries", "Libraries", "{3FAFDF80-E35D-4817-A574-D766DAF3087C}"
EndProject
Project("{2150E333-8FDC-42A3-9474-1A3956D46DE8}") = "Plugins", "Plugins", "{C0DA79FF-A6FB-4148-8AB1-DB88ADD08DD2}"
EndProject
Project("{9A19103F-16F7-4668-BE54-9A1E7A4F7556}") = "HomeBlaze.Dynamic", "HomeBlaze.Dynamic\HomeBlaze.Dynamic.csproj", "{64C49E61-62C8-4948-A389-1FD42DD52C74}"
EndProject
Project("{9A19103F-16F7-4668-BE54-9A1E7A4F7556}") = "HomeBlaze.PushOver", "HomeBlaze.PushOver\HomeBlaze.PushOver.csproj", "{7E25BB70-7ECA-4B90-8BAA-2BAB52DA8E24}"
EndProject
Project("{9A19103F-16F7-4668-BE54-9A1E7A4F7556}") = "HomeBlaze.Nuki", "HomeBlaze.Nuki\HomeBlaze.Nuki.csproj", "{A0451853-360B-47BE-AA7A-B42D55E493B7}"
EndProject
Project("{9A19103F-16F7-4668-BE54-9A1E7A4F7556}") = "HomeBlaze.Asus.Router", "HomeBlaze.Asus.Router\HomeBlaze.Asus.Router.csproj", "{861D6EDC-8589-4A4D-AD3C-29C37E82F6FD}"
EndProject
Project("{9A19103F-16F7-4668-BE54-9A1E7A4F7556}") = "HomeBlaze.OpenWeatherMap", "HomeBlaze.OpenWeatherMap\HomeBlaze.OpenWeatherMap.csproj", "{D6822F86-BE59-472A-87FD-CACF554DFFBD}"
EndProject
Project("{9A19103F-16F7-4668-BE54-9A1E7A4F7556}") = "HomeBlaze.ThanksMister", "HomeBlaze.ThanksMister\HomeBlaze.ThanksMister.csproj", "{7AF8A166-6AFE-4E48-9441-4414CF3DCB2E}"
EndProject
Project("{9A19103F-16F7-4668-BE54-9A1E7A4F7556}") = "HomeBlaze.Xbox", "HomeBlaze.Xbox\HomeBlaze.Xbox.csproj", "{9502019D-4382-45B1-91C6-5E23C50A0CB3}"
EndProject
Project("{9A19103F-16F7-4668-BE54-9A1E7A4F7556}") = "HomeBlaze.Xbox.SmartGlass", "HomeBlaze.Xbox.SmartGlass\HomeBlaze.Xbox.SmartGlass.csproj", "{E81C13BC-22A9-4A26-9F8B-56EF18273040}"
EndProject
Project("{9A19103F-16F7-4668-BE54-9A1E7A4F7556}") = "HomeBlaze.Tesla", "HomeBlaze.Tesla\HomeBlaze.Tesla.csproj", "{CECB2934-A3D7-4367-B92C-29E60D8B4E06}"
EndProject
Project("{9A19103F-16F7-4668-BE54-9A1E7A4F7556}") = "HomeBlaze.Mqtt", "HomeBlaze.Mqtt\HomeBlaze.Mqtt.csproj", "{07310569-2985-4111-B78C-76710BCC7E30}"
EndProject
Project("{9A19103F-16F7-4668-BE54-9A1E7A4F7556}") = "HomeBlaze.Gardena", "HomeBlaze.Gardena\HomeBlaze.Gardena.csproj", "{88397972-BADA-4C73-ACCB-FFEAE784C49C}"
EndProject
Project("{9A19103F-16F7-4668-BE54-9A1E7A4F7556}") = "HomeBlaze.Logitech", "HomeBlaze.Logitech\HomeBlaze.Logitech.csproj", "{83A8AA4D-046E-41A8-A168-558CDA6A6BA4}"
EndProject
Project("{9A19103F-16F7-4668-BE54-9A1E7A4F7556}") = "HomeBlaze.Logitech.Harmony", "HomeBlaze.Logitech.Harmony\HomeBlaze.Logitech.Harmony.csproj", "{1F6DE970-E0D9-4BDC-BF8B-E10922A8EF62}"
EndProject
Project("{9A19103F-16F7-4668-BE54-9A1E7A4F7556}") = "HomeBlaze.Zwave", "HomeBlaze.Zwave\HomeBlaze.Zwave.csproj", "{FD4887D3-9F63-44CE-9777-A3C157B5281A}"
EndProject
Project("{9A19103F-16F7-4668-BE54-9A1E7A4F7556}") = "HomeBlaze.Host", "HomeBlaze.Host\HomeBlaze.Host.csproj", "{11F384B8-01FD-4B9A-9AF8-5EF79F50CA0F}"
EndProject
Project("{9A19103F-16F7-4668-BE54-9A1E7A4F7556}") = "HomeBlaze.Widgets", "HomeBlaze.Widgets\HomeBlaze.Widgets.csproj", "{9220ED43-6E3B-4B61-93D6-79E53157E54C}"
EndProject
Project("{2150E333-8FDC-42A3-9474-1A3956D46DE8}") = "Build", "Build", "{448CDBC3-84DD-404D-96BD-CB259070DE3B}"
	ProjectSection(SolutionItems) = preProject
		..\.github\workflows\docker-publish.yml = ..\.github\workflows\docker-publish.yml
	EndProjectSection
EndProject
Project("{9A19103F-16F7-4668-BE54-9A1E7A4F7556}") = "HomeBlaze.Dynamic.Tests", "HomeBlaze.Dynamic.Tests\HomeBlaze.Dynamic.Tests.csproj", "{A866943C-40E0-469F-B33D-77E166148B86}"
EndProject
Project("{9A19103F-16F7-4668-BE54-9A1E7A4F7556}") = "HomeBlaze.RtspWebcam", "HomeBlaze.RtspWebcam\HomeBlaze.RtspWebcam.csproj", "{B83319FE-B797-4B99-8064-C63DE916D3FA}"
EndProject
Project("{9A19103F-16F7-4668-BE54-9A1E7A4F7556}") = "HomeBlaze.Luxtronik", "HomeBlaze.Luxtronik\HomeBlaze.Luxtronik.csproj", "{4A126B96-0AEA-4253-BCA7-504B52119078}"
EndProject
Project("{9A19103F-16F7-4668-BE54-9A1E7A4F7556}") = "HomeBlaze.SpeedtestNet", "HomeBlaze.SpeedtestNet\HomeBlaze.SpeedtestNet.csproj", "{E3D18A78-A514-4AD0-8D1E-7FA3D6FC2A29}"
EndProject
Project("{9A19103F-16F7-4668-BE54-9A1E7A4F7556}") = "Namotion.Trackable", "Namotion.Trackable\Namotion.Trackable.csproj", "{FFEF3063-2439-416C-A6FF-31612977B3E9}"
EndProject
Project("{9A19103F-16F7-4668-BE54-9A1E7A4F7556}") = "Namotion.Trackable.AspNetCore", "Namotion.Trackable.AspNetCore\Namotion.Trackable.AspNetCore.csproj", "{4554A4CE-6624-4A74-984A-9A8F36A40E9F}"
EndProject
Project("{9A19103F-16F7-4668-BE54-9A1E7A4F7556}") = "Namotion.Trackable.Tests", "Namotion.Trackable.Tests\Namotion.Trackable.Tests.csproj", "{60F0BACD-4C8D-48EB-B9B3-225512072D75}"
EndProject
Project("{9A19103F-16F7-4668-BE54-9A1E7A4F7556}") = "Namotion.Trackable.Mqtt", "Namotion.Trackable.Mqtt\Namotion.Trackable.Mqtt.csproj", "{6672B40F-10C0-44F7-8A2A-1051402A3618}"
EndProject
Project("{2150E333-8FDC-42A3-9474-1A3956D46DE8}") = "Trackable", "Trackable", "{DB6B6B5A-4224-42A2-A5A0-E5C2822EA816}"
EndProject
Project("{9A19103F-16F7-4668-BE54-9A1E7A4F7556}") = "Namotion.Trackable.SampleWeb", "Namotion.Trackable.SampleWeb\Namotion.Trackable.SampleWeb.csproj", "{62655215-2CEF-49A1-AE84-906F0F87A929}"
EndProject
Project("{9A19103F-16F7-4668-BE54-9A1E7A4F7556}") = "Namotion.Trackable.GraphQL", "Namotion.Trackable.GraphQL\Namotion.Trackable.GraphQL.csproj", "{3842AFA0-33D7-4C5F-916F-0DFE5E97F2B4}"
EndProject
Project("{9A19103F-16F7-4668-BE54-9A1E7A4F7556}") = "Namotion.Trackable.Benchmark", "Namotion.Trackable.Benchmark\Namotion.Trackable.Benchmark.csproj", "{32E63496-7445-4CAC-815A-87D05F770B5E}"
EndProject
Project("{9A19103F-16F7-4668-BE54-9A1E7A4F7556}") = "HomeBlaze.Sonos", "HomeBlaze.Sonos\HomeBlaze.Sonos.csproj", "{75C88448-A1C1-4968-8F54-C98E5A1D078E}"
EndProject
Project("{9A19103F-16F7-4668-BE54-9A1E7A4F7556}") = "HomeBlaze.Shelly", "HomeBlaze.Shelly\HomeBlaze.Shelly.csproj", "{1DB6BA01-7DA7-47DA-922C-82210C96C3CD}"
EndProject
Project("{FAE04EC0-301F-11D3-BF4B-00C04F79EFBC}") = "Namotion.Trackable.OpcUa", "Namotion.Trackable.OpcUa\Namotion.Trackable.OpcUa.csproj", "{B2DB4C04-D55A-452C-8F19-33FBE748D708}"
EndProject
Global
	GlobalSection(SolutionConfigurationPlatforms) = preSolution
		Debug|Any CPU = Debug|Any CPU
		Release|Any CPU = Release|Any CPU
	EndGlobalSection
	GlobalSection(ProjectConfigurationPlatforms) = postSolution
		{8F77A432-8CE3-4D0D-A390-A06A0E0353DB}.Debug|Any CPU.ActiveCfg = Debug|Any CPU
		{8F77A432-8CE3-4D0D-A390-A06A0E0353DB}.Debug|Any CPU.Build.0 = Debug|Any CPU
		{8F77A432-8CE3-4D0D-A390-A06A0E0353DB}.Release|Any CPU.ActiveCfg = Release|Any CPU
		{8F77A432-8CE3-4D0D-A390-A06A0E0353DB}.Release|Any CPU.Build.0 = Release|Any CPU
		{1C63E210-5922-46A4-9758-CB00ED9B57C2}.Debug|Any CPU.ActiveCfg = Debug|Any CPU
		{1C63E210-5922-46A4-9758-CB00ED9B57C2}.Debug|Any CPU.Build.0 = Debug|Any CPU
		{1C63E210-5922-46A4-9758-CB00ED9B57C2}.Release|Any CPU.ActiveCfg = Release|Any CPU
		{1C63E210-5922-46A4-9758-CB00ED9B57C2}.Release|Any CPU.Build.0 = Release|Any CPU
		{6BE0BB84-2F02-4488-8D95-44767D189680}.Debug|Any CPU.ActiveCfg = Debug|Any CPU
		{6BE0BB84-2F02-4488-8D95-44767D189680}.Debug|Any CPU.Build.0 = Debug|Any CPU
		{6BE0BB84-2F02-4488-8D95-44767D189680}.Release|Any CPU.ActiveCfg = Release|Any CPU
		{6BE0BB84-2F02-4488-8D95-44767D189680}.Release|Any CPU.Build.0 = Release|Any CPU
		{8694C9A8-6C21-4A4E-961C-E5CB2CAC1B2A}.Debug|Any CPU.ActiveCfg = Debug|Any CPU
		{8694C9A8-6C21-4A4E-961C-E5CB2CAC1B2A}.Debug|Any CPU.Build.0 = Debug|Any CPU
		{8694C9A8-6C21-4A4E-961C-E5CB2CAC1B2A}.Release|Any CPU.ActiveCfg = Release|Any CPU
		{8694C9A8-6C21-4A4E-961C-E5CB2CAC1B2A}.Release|Any CPU.Build.0 = Release|Any CPU
		{86515B8B-3FB4-469C-81D0-0609EB935642}.Debug|Any CPU.ActiveCfg = Debug|Any CPU
		{86515B8B-3FB4-469C-81D0-0609EB935642}.Debug|Any CPU.Build.0 = Debug|Any CPU
		{86515B8B-3FB4-469C-81D0-0609EB935642}.Release|Any CPU.ActiveCfg = Release|Any CPU
		{86515B8B-3FB4-469C-81D0-0609EB935642}.Release|Any CPU.Build.0 = Release|Any CPU
		{B30962CE-ED02-4B51-9DA2-9C45B9D88BB3}.Debug|Any CPU.ActiveCfg = Debug|Any CPU
		{B30962CE-ED02-4B51-9DA2-9C45B9D88BB3}.Debug|Any CPU.Build.0 = Debug|Any CPU
		{B30962CE-ED02-4B51-9DA2-9C45B9D88BB3}.Release|Any CPU.ActiveCfg = Release|Any CPU
		{B30962CE-ED02-4B51-9DA2-9C45B9D88BB3}.Release|Any CPU.Build.0 = Release|Any CPU
		{7F9F3F1B-C521-4FA6-A667-F263A3A46227}.Debug|Any CPU.ActiveCfg = Debug|Any CPU
		{7F9F3F1B-C521-4FA6-A667-F263A3A46227}.Debug|Any CPU.Build.0 = Debug|Any CPU
		{7F9F3F1B-C521-4FA6-A667-F263A3A46227}.Release|Any CPU.ActiveCfg = Release|Any CPU
		{7F9F3F1B-C521-4FA6-A667-F263A3A46227}.Release|Any CPU.Build.0 = Release|Any CPU
		{A2E08C03-2AA5-47F1-9E24-A22A7D70B135}.Debug|Any CPU.ActiveCfg = Debug|Any CPU
		{A2E08C03-2AA5-47F1-9E24-A22A7D70B135}.Debug|Any CPU.Build.0 = Debug|Any CPU
		{A2E08C03-2AA5-47F1-9E24-A22A7D70B135}.Release|Any CPU.ActiveCfg = Release|Any CPU
		{A2E08C03-2AA5-47F1-9E24-A22A7D70B135}.Release|Any CPU.Build.0 = Release|Any CPU
		{8A304D66-8814-44C2-BB66-F44FDEB61BAE}.Debug|Any CPU.ActiveCfg = Debug|Any CPU
		{8A304D66-8814-44C2-BB66-F44FDEB61BAE}.Debug|Any CPU.Build.0 = Debug|Any CPU
		{8A304D66-8814-44C2-BB66-F44FDEB61BAE}.Release|Any CPU.ActiveCfg = Release|Any CPU
		{8A304D66-8814-44C2-BB66-F44FDEB61BAE}.Release|Any CPU.Build.0 = Release|Any CPU
		{384B2C0A-4755-4ADD-A8D3-1FC1FA3018F6}.Debug|Any CPU.ActiveCfg = Debug|Any CPU
		{384B2C0A-4755-4ADD-A8D3-1FC1FA3018F6}.Debug|Any CPU.Build.0 = Debug|Any CPU
		{384B2C0A-4755-4ADD-A8D3-1FC1FA3018F6}.Release|Any CPU.ActiveCfg = Release|Any CPU
		{384B2C0A-4755-4ADD-A8D3-1FC1FA3018F6}.Release|Any CPU.Build.0 = Release|Any CPU
		{E4963A00-704B-4B3F-90D6-3DE076A84C55}.Debug|Any CPU.ActiveCfg = Debug|Any CPU
		{E4963A00-704B-4B3F-90D6-3DE076A84C55}.Debug|Any CPU.Build.0 = Debug|Any CPU
		{E4963A00-704B-4B3F-90D6-3DE076A84C55}.Release|Any CPU.ActiveCfg = Release|Any CPU
		{E4963A00-704B-4B3F-90D6-3DE076A84C55}.Release|Any CPU.Build.0 = Release|Any CPU
		{64C49E61-62C8-4948-A389-1FD42DD52C74}.Debug|Any CPU.ActiveCfg = Debug|Any CPU
		{64C49E61-62C8-4948-A389-1FD42DD52C74}.Debug|Any CPU.Build.0 = Debug|Any CPU
		{64C49E61-62C8-4948-A389-1FD42DD52C74}.Release|Any CPU.ActiveCfg = Release|Any CPU
		{64C49E61-62C8-4948-A389-1FD42DD52C74}.Release|Any CPU.Build.0 = Release|Any CPU
		{7E25BB70-7ECA-4B90-8BAA-2BAB52DA8E24}.Debug|Any CPU.ActiveCfg = Debug|Any CPU
		{7E25BB70-7ECA-4B90-8BAA-2BAB52DA8E24}.Debug|Any CPU.Build.0 = Debug|Any CPU
		{7E25BB70-7ECA-4B90-8BAA-2BAB52DA8E24}.Release|Any CPU.ActiveCfg = Release|Any CPU
		{7E25BB70-7ECA-4B90-8BAA-2BAB52DA8E24}.Release|Any CPU.Build.0 = Release|Any CPU
		{A0451853-360B-47BE-AA7A-B42D55E493B7}.Debug|Any CPU.ActiveCfg = Debug|Any CPU
		{A0451853-360B-47BE-AA7A-B42D55E493B7}.Debug|Any CPU.Build.0 = Debug|Any CPU
		{A0451853-360B-47BE-AA7A-B42D55E493B7}.Release|Any CPU.ActiveCfg = Release|Any CPU
		{A0451853-360B-47BE-AA7A-B42D55E493B7}.Release|Any CPU.Build.0 = Release|Any CPU
		{861D6EDC-8589-4A4D-AD3C-29C37E82F6FD}.Debug|Any CPU.ActiveCfg = Debug|Any CPU
		{861D6EDC-8589-4A4D-AD3C-29C37E82F6FD}.Debug|Any CPU.Build.0 = Debug|Any CPU
		{861D6EDC-8589-4A4D-AD3C-29C37E82F6FD}.Release|Any CPU.ActiveCfg = Release|Any CPU
		{861D6EDC-8589-4A4D-AD3C-29C37E82F6FD}.Release|Any CPU.Build.0 = Release|Any CPU
		{D6822F86-BE59-472A-87FD-CACF554DFFBD}.Debug|Any CPU.ActiveCfg = Debug|Any CPU
		{D6822F86-BE59-472A-87FD-CACF554DFFBD}.Debug|Any CPU.Build.0 = Debug|Any CPU
		{D6822F86-BE59-472A-87FD-CACF554DFFBD}.Release|Any CPU.ActiveCfg = Release|Any CPU
		{D6822F86-BE59-472A-87FD-CACF554DFFBD}.Release|Any CPU.Build.0 = Release|Any CPU
		{7AF8A166-6AFE-4E48-9441-4414CF3DCB2E}.Debug|Any CPU.ActiveCfg = Debug|Any CPU
		{7AF8A166-6AFE-4E48-9441-4414CF3DCB2E}.Debug|Any CPU.Build.0 = Debug|Any CPU
		{7AF8A166-6AFE-4E48-9441-4414CF3DCB2E}.Release|Any CPU.ActiveCfg = Release|Any CPU
		{7AF8A166-6AFE-4E48-9441-4414CF3DCB2E}.Release|Any CPU.Build.0 = Release|Any CPU
		{9502019D-4382-45B1-91C6-5E23C50A0CB3}.Debug|Any CPU.ActiveCfg = Debug|Any CPU
		{9502019D-4382-45B1-91C6-5E23C50A0CB3}.Debug|Any CPU.Build.0 = Debug|Any CPU
		{9502019D-4382-45B1-91C6-5E23C50A0CB3}.Release|Any CPU.ActiveCfg = Release|Any CPU
		{9502019D-4382-45B1-91C6-5E23C50A0CB3}.Release|Any CPU.Build.0 = Release|Any CPU
		{E81C13BC-22A9-4A26-9F8B-56EF18273040}.Debug|Any CPU.ActiveCfg = Debug|Any CPU
		{E81C13BC-22A9-4A26-9F8B-56EF18273040}.Debug|Any CPU.Build.0 = Debug|Any CPU
		{E81C13BC-22A9-4A26-9F8B-56EF18273040}.Release|Any CPU.ActiveCfg = Release|Any CPU
		{E81C13BC-22A9-4A26-9F8B-56EF18273040}.Release|Any CPU.Build.0 = Release|Any CPU
		{CECB2934-A3D7-4367-B92C-29E60D8B4E06}.Debug|Any CPU.ActiveCfg = Debug|Any CPU
		{CECB2934-A3D7-4367-B92C-29E60D8B4E06}.Debug|Any CPU.Build.0 = Debug|Any CPU
		{CECB2934-A3D7-4367-B92C-29E60D8B4E06}.Release|Any CPU.ActiveCfg = Release|Any CPU
		{CECB2934-A3D7-4367-B92C-29E60D8B4E06}.Release|Any CPU.Build.0 = Release|Any CPU
		{07310569-2985-4111-B78C-76710BCC7E30}.Debug|Any CPU.ActiveCfg = Debug|Any CPU
		{07310569-2985-4111-B78C-76710BCC7E30}.Debug|Any CPU.Build.0 = Debug|Any CPU
		{07310569-2985-4111-B78C-76710BCC7E30}.Release|Any CPU.ActiveCfg = Release|Any CPU
		{07310569-2985-4111-B78C-76710BCC7E30}.Release|Any CPU.Build.0 = Release|Any CPU
		{88397972-BADA-4C73-ACCB-FFEAE784C49C}.Debug|Any CPU.ActiveCfg = Debug|Any CPU
		{88397972-BADA-4C73-ACCB-FFEAE784C49C}.Debug|Any CPU.Build.0 = Debug|Any CPU
		{88397972-BADA-4C73-ACCB-FFEAE784C49C}.Release|Any CPU.ActiveCfg = Release|Any CPU
		{88397972-BADA-4C73-ACCB-FFEAE784C49C}.Release|Any CPU.Build.0 = Release|Any CPU
		{83A8AA4D-046E-41A8-A168-558CDA6A6BA4}.Debug|Any CPU.ActiveCfg = Debug|Any CPU
		{83A8AA4D-046E-41A8-A168-558CDA6A6BA4}.Debug|Any CPU.Build.0 = Debug|Any CPU
		{83A8AA4D-046E-41A8-A168-558CDA6A6BA4}.Release|Any CPU.ActiveCfg = Release|Any CPU
		{83A8AA4D-046E-41A8-A168-558CDA6A6BA4}.Release|Any CPU.Build.0 = Release|Any CPU
		{1F6DE970-E0D9-4BDC-BF8B-E10922A8EF62}.Debug|Any CPU.ActiveCfg = Debug|Any CPU
		{1F6DE970-E0D9-4BDC-BF8B-E10922A8EF62}.Debug|Any CPU.Build.0 = Debug|Any CPU
		{1F6DE970-E0D9-4BDC-BF8B-E10922A8EF62}.Release|Any CPU.ActiveCfg = Release|Any CPU
		{1F6DE970-E0D9-4BDC-BF8B-E10922A8EF62}.Release|Any CPU.Build.0 = Release|Any CPU
		{FD4887D3-9F63-44CE-9777-A3C157B5281A}.Debug|Any CPU.ActiveCfg = Debug|Any CPU
		{FD4887D3-9F63-44CE-9777-A3C157B5281A}.Debug|Any CPU.Build.0 = Debug|Any CPU
		{FD4887D3-9F63-44CE-9777-A3C157B5281A}.Release|Any CPU.ActiveCfg = Release|Any CPU
		{FD4887D3-9F63-44CE-9777-A3C157B5281A}.Release|Any CPU.Build.0 = Release|Any CPU
		{11F384B8-01FD-4B9A-9AF8-5EF79F50CA0F}.Debug|Any CPU.ActiveCfg = Debug|Any CPU
		{11F384B8-01FD-4B9A-9AF8-5EF79F50CA0F}.Debug|Any CPU.Build.0 = Debug|Any CPU
		{11F384B8-01FD-4B9A-9AF8-5EF79F50CA0F}.Release|Any CPU.ActiveCfg = Release|Any CPU
		{11F384B8-01FD-4B9A-9AF8-5EF79F50CA0F}.Release|Any CPU.Build.0 = Release|Any CPU
		{9220ED43-6E3B-4B61-93D6-79E53157E54C}.Debug|Any CPU.ActiveCfg = Debug|Any CPU
		{9220ED43-6E3B-4B61-93D6-79E53157E54C}.Debug|Any CPU.Build.0 = Debug|Any CPU
		{9220ED43-6E3B-4B61-93D6-79E53157E54C}.Release|Any CPU.ActiveCfg = Release|Any CPU
		{9220ED43-6E3B-4B61-93D6-79E53157E54C}.Release|Any CPU.Build.0 = Release|Any CPU
		{A866943C-40E0-469F-B33D-77E166148B86}.Debug|Any CPU.ActiveCfg = Debug|Any CPU
		{A866943C-40E0-469F-B33D-77E166148B86}.Debug|Any CPU.Build.0 = Debug|Any CPU
		{A866943C-40E0-469F-B33D-77E166148B86}.Release|Any CPU.ActiveCfg = Release|Any CPU
		{A866943C-40E0-469F-B33D-77E166148B86}.Release|Any CPU.Build.0 = Release|Any CPU
		{B83319FE-B797-4B99-8064-C63DE916D3FA}.Debug|Any CPU.ActiveCfg = Debug|Any CPU
		{B83319FE-B797-4B99-8064-C63DE916D3FA}.Debug|Any CPU.Build.0 = Debug|Any CPU
		{B83319FE-B797-4B99-8064-C63DE916D3FA}.Release|Any CPU.ActiveCfg = Release|Any CPU
		{B83319FE-B797-4B99-8064-C63DE916D3FA}.Release|Any CPU.Build.0 = Release|Any CPU
		{4A126B96-0AEA-4253-BCA7-504B52119078}.Debug|Any CPU.ActiveCfg = Debug|Any CPU
		{4A126B96-0AEA-4253-BCA7-504B52119078}.Debug|Any CPU.Build.0 = Debug|Any CPU
		{4A126B96-0AEA-4253-BCA7-504B52119078}.Release|Any CPU.ActiveCfg = Release|Any CPU
		{4A126B96-0AEA-4253-BCA7-504B52119078}.Release|Any CPU.Build.0 = Release|Any CPU
		{E3D18A78-A514-4AD0-8D1E-7FA3D6FC2A29}.Debug|Any CPU.ActiveCfg = Debug|Any CPU
		{E3D18A78-A514-4AD0-8D1E-7FA3D6FC2A29}.Debug|Any CPU.Build.0 = Debug|Any CPU
		{E3D18A78-A514-4AD0-8D1E-7FA3D6FC2A29}.Release|Any CPU.ActiveCfg = Release|Any CPU
		{E3D18A78-A514-4AD0-8D1E-7FA3D6FC2A29}.Release|Any CPU.Build.0 = Release|Any CPU
		{FFEF3063-2439-416C-A6FF-31612977B3E9}.Debug|Any CPU.ActiveCfg = Debug|Any CPU
		{FFEF3063-2439-416C-A6FF-31612977B3E9}.Debug|Any CPU.Build.0 = Debug|Any CPU
		{FFEF3063-2439-416C-A6FF-31612977B3E9}.Release|Any CPU.ActiveCfg = Release|Any CPU
		{FFEF3063-2439-416C-A6FF-31612977B3E9}.Release|Any CPU.Build.0 = Release|Any CPU
		{4554A4CE-6624-4A74-984A-9A8F36A40E9F}.Debug|Any CPU.ActiveCfg = Debug|Any CPU
		{4554A4CE-6624-4A74-984A-9A8F36A40E9F}.Debug|Any CPU.Build.0 = Debug|Any CPU
		{4554A4CE-6624-4A74-984A-9A8F36A40E9F}.Release|Any CPU.ActiveCfg = Release|Any CPU
		{4554A4CE-6624-4A74-984A-9A8F36A40E9F}.Release|Any CPU.Build.0 = Release|Any CPU
		{60F0BACD-4C8D-48EB-B9B3-225512072D75}.Debug|Any CPU.ActiveCfg = Debug|Any CPU
		{60F0BACD-4C8D-48EB-B9B3-225512072D75}.Debug|Any CPU.Build.0 = Debug|Any CPU
		{60F0BACD-4C8D-48EB-B9B3-225512072D75}.Release|Any CPU.ActiveCfg = Release|Any CPU
		{60F0BACD-4C8D-48EB-B9B3-225512072D75}.Release|Any CPU.Build.0 = Release|Any CPU
		{6672B40F-10C0-44F7-8A2A-1051402A3618}.Debug|Any CPU.ActiveCfg = Debug|Any CPU
		{6672B40F-10C0-44F7-8A2A-1051402A3618}.Debug|Any CPU.Build.0 = Debug|Any CPU
		{6672B40F-10C0-44F7-8A2A-1051402A3618}.Release|Any CPU.ActiveCfg = Release|Any CPU
		{6672B40F-10C0-44F7-8A2A-1051402A3618}.Release|Any CPU.Build.0 = Release|Any CPU
		{62655215-2CEF-49A1-AE84-906F0F87A929}.Debug|Any CPU.ActiveCfg = Debug|Any CPU
		{62655215-2CEF-49A1-AE84-906F0F87A929}.Debug|Any CPU.Build.0 = Debug|Any CPU
		{62655215-2CEF-49A1-AE84-906F0F87A929}.Release|Any CPU.ActiveCfg = Release|Any CPU
		{62655215-2CEF-49A1-AE84-906F0F87A929}.Release|Any CPU.Build.0 = Release|Any CPU
		{3842AFA0-33D7-4C5F-916F-0DFE5E97F2B4}.Debug|Any CPU.ActiveCfg = Debug|Any CPU
		{3842AFA0-33D7-4C5F-916F-0DFE5E97F2B4}.Debug|Any CPU.Build.0 = Debug|Any CPU
		{3842AFA0-33D7-4C5F-916F-0DFE5E97F2B4}.Release|Any CPU.ActiveCfg = Release|Any CPU
		{3842AFA0-33D7-4C5F-916F-0DFE5E97F2B4}.Release|Any CPU.Build.0 = Release|Any CPU
		{32E63496-7445-4CAC-815A-87D05F770B5E}.Debug|Any CPU.ActiveCfg = Debug|Any CPU
		{32E63496-7445-4CAC-815A-87D05F770B5E}.Debug|Any CPU.Build.0 = Debug|Any CPU
		{32E63496-7445-4CAC-815A-87D05F770B5E}.Release|Any CPU.ActiveCfg = Release|Any CPU
		{32E63496-7445-4CAC-815A-87D05F770B5E}.Release|Any CPU.Build.0 = Release|Any CPU
		{75C88448-A1C1-4968-8F54-C98E5A1D078E}.Debug|Any CPU.ActiveCfg = Debug|Any CPU
		{75C88448-A1C1-4968-8F54-C98E5A1D078E}.Debug|Any CPU.Build.0 = Debug|Any CPU
		{75C88448-A1C1-4968-8F54-C98E5A1D078E}.Release|Any CPU.ActiveCfg = Release|Any CPU
		{75C88448-A1C1-4968-8F54-C98E5A1D078E}.Release|Any CPU.Build.0 = Release|Any CPU
		{1DB6BA01-7DA7-47DA-922C-82210C96C3CD}.Debug|Any CPU.ActiveCfg = Debug|Any CPU
		{1DB6BA01-7DA7-47DA-922C-82210C96C3CD}.Debug|Any CPU.Build.0 = Debug|Any CPU
		{1DB6BA01-7DA7-47DA-922C-82210C96C3CD}.Release|Any CPU.ActiveCfg = Release|Any CPU
		{1DB6BA01-7DA7-47DA-922C-82210C96C3CD}.Release|Any CPU.Build.0 = Release|Any CPU
		{B2DB4C04-D55A-452C-8F19-33FBE748D708}.Debug|Any CPU.ActiveCfg = Debug|Any CPU
		{B2DB4C04-D55A-452C-8F19-33FBE748D708}.Debug|Any CPU.Build.0 = Debug|Any CPU
		{B2DB4C04-D55A-452C-8F19-33FBE748D708}.Release|Any CPU.ActiveCfg = Release|Any CPU
		{B2DB4C04-D55A-452C-8F19-33FBE748D708}.Release|Any CPU.Build.0 = Release|Any CPU
	EndGlobalSection
	GlobalSection(SolutionProperties) = preSolution
		HideSolutionNode = FALSE
	EndGlobalSection
	GlobalSection(NestedProjects) = preSolution
		{86515B8B-3FB4-469C-81D0-0609EB935642} = {EE54A413-EECC-426E-A0AE-9E0A7FAEACB2}
		{B30962CE-ED02-4B51-9DA2-9C45B9D88BB3} = {EE54A413-EECC-426E-A0AE-9E0A7FAEACB2}
		{A2E08C03-2AA5-47F1-9E24-A22A7D70B135} = {C0DA79FF-A6FB-4148-8AB1-DB88ADD08DD2}
		{8A304D66-8814-44C2-BB66-F44FDEB61BAE} = {3FAFDF80-E35D-4817-A574-D766DAF3087C}
		{384B2C0A-4755-4ADD-A8D3-1FC1FA3018F6} = {3FAFDF80-E35D-4817-A574-D766DAF3087C}
		{E4963A00-704B-4B3F-90D6-3DE076A84C55} = {3FAFDF80-E35D-4817-A574-D766DAF3087C}
		{64C49E61-62C8-4948-A389-1FD42DD52C74} = {EE54A413-EECC-426E-A0AE-9E0A7FAEACB2}
		{7E25BB70-7ECA-4B90-8BAA-2BAB52DA8E24} = {EE54A413-EECC-426E-A0AE-9E0A7FAEACB2}
		{A0451853-360B-47BE-AA7A-B42D55E493B7} = {EE54A413-EECC-426E-A0AE-9E0A7FAEACB2}
		{861D6EDC-8589-4A4D-AD3C-29C37E82F6FD} = {EE54A413-EECC-426E-A0AE-9E0A7FAEACB2}
		{D6822F86-BE59-472A-87FD-CACF554DFFBD} = {EE54A413-EECC-426E-A0AE-9E0A7FAEACB2}
		{7AF8A166-6AFE-4E48-9441-4414CF3DCB2E} = {EE54A413-EECC-426E-A0AE-9E0A7FAEACB2}
		{9502019D-4382-45B1-91C6-5E23C50A0CB3} = {EE54A413-EECC-426E-A0AE-9E0A7FAEACB2}
		{E81C13BC-22A9-4A26-9F8B-56EF18273040} = {EE54A413-EECC-426E-A0AE-9E0A7FAEACB2}
		{CECB2934-A3D7-4367-B92C-29E60D8B4E06} = {EE54A413-EECC-426E-A0AE-9E0A7FAEACB2}
		{07310569-2985-4111-B78C-76710BCC7E30} = {EE54A413-EECC-426E-A0AE-9E0A7FAEACB2}
		{88397972-BADA-4C73-ACCB-FFEAE784C49C} = {EE54A413-EECC-426E-A0AE-9E0A7FAEACB2}
		{83A8AA4D-046E-41A8-A168-558CDA6A6BA4} = {EE54A413-EECC-426E-A0AE-9E0A7FAEACB2}
		{1F6DE970-E0D9-4BDC-BF8B-E10922A8EF62} = {EE54A413-EECC-426E-A0AE-9E0A7FAEACB2}
		{FD4887D3-9F63-44CE-9777-A3C157B5281A} = {EE54A413-EECC-426E-A0AE-9E0A7FAEACB2}
		{A866943C-40E0-469F-B33D-77E166148B86} = {EE54A413-EECC-426E-A0AE-9E0A7FAEACB2}
		{B83319FE-B797-4B99-8064-C63DE916D3FA} = {EE54A413-EECC-426E-A0AE-9E0A7FAEACB2}
		{4A126B96-0AEA-4253-BCA7-504B52119078} = {EE54A413-EECC-426E-A0AE-9E0A7FAEACB2}
		{E3D18A78-A514-4AD0-8D1E-7FA3D6FC2A29} = {EE54A413-EECC-426E-A0AE-9E0A7FAEACB2}
		{FFEF3063-2439-416C-A6FF-31612977B3E9} = {DB6B6B5A-4224-42A2-A5A0-E5C2822EA816}
		{4554A4CE-6624-4A74-984A-9A8F36A40E9F} = {DB6B6B5A-4224-42A2-A5A0-E5C2822EA816}
		{60F0BACD-4C8D-48EB-B9B3-225512072D75} = {DB6B6B5A-4224-42A2-A5A0-E5C2822EA816}
		{6672B40F-10C0-44F7-8A2A-1051402A3618} = {DB6B6B5A-4224-42A2-A5A0-E5C2822EA816}
		{DB6B6B5A-4224-42A2-A5A0-E5C2822EA816} = {3FAFDF80-E35D-4817-A574-D766DAF3087C}
		{62655215-2CEF-49A1-AE84-906F0F87A929} = {DB6B6B5A-4224-42A2-A5A0-E5C2822EA816}
		{3842AFA0-33D7-4C5F-916F-0DFE5E97F2B4} = {DB6B6B5A-4224-42A2-A5A0-E5C2822EA816}
		{32E63496-7445-4CAC-815A-87D05F770B5E} = {DB6B6B5A-4224-42A2-A5A0-E5C2822EA816}
		{75C88448-A1C1-4968-8F54-C98E5A1D078E} = {EE54A413-EECC-426E-A0AE-9E0A7FAEACB2}
		{1DB6BA01-7DA7-47DA-922C-82210C96C3CD} = {EE54A413-EECC-426E-A0AE-9E0A7FAEACB2}
		{B2DB4C04-D55A-452C-8F19-33FBE748D708} = {DB6B6B5A-4224-42A2-A5A0-E5C2822EA816}
	EndGlobalSection
	GlobalSection(ExtensibilityGlobals) = postSolution
		SolutionGuid = {67090661-749A-440E-BA59-292FCE80B866}
	EndGlobalSection
EndGlobal
