
Microsoft Visual Studio Solution File, Format Version 12.00
# Visual Studio Version 17
VisualStudioVersion = 17.3.32929.385
MinimumVisualStudioVersion = 10.0.40219.1
Project("{9A19103F-16F7-4668-BE54-9A1E7A4F7556}") = "HomeBlaze", "HomeBlaze\HomeBlaze.csproj", "{8F77A432-8CE3-4D0D-A390-A06A0E0353DB}"
EndProject
Project("{9A19103F-16F7-4668-BE54-9A1E7A4F7556}") = "HomeBlaze.Core", "HomeBlaze.Core\HomeBlaze.Core.csproj", "{1C63E210-5922-46A4-9758-CB00ED9B57C2}"
EndProject
Project("{9A19103F-16F7-4668-BE54-9A1E7A4F7556}") = "HomeBlaze.Core.Tests", "HomeBlaze.Core.Tests\HomeBlaze.Core.Tests.csproj", "{6BE0BB84-2F02-4488-8D95-44767D189680}"
EndProject
Project("{9A19103F-16F7-4668-BE54-9A1E7A4F7556}") = "HomeBlaze.Abstractions", "HomeBlaze.Abstractions\HomeBlaze.Abstractions.csproj", "{8694C9A8-6C21-4A4E-961C-E5CB2CAC1B2A}"
EndProject
Project("{2150E333-8FDC-42A3-9474-1A3956D46DE8}") = "Things", "Things", "{EE54A413-EECC-426E-A0AE-9E0A7FAEACB2}"
EndProject
Project("{9A19103F-16F7-4668-BE54-9A1E7A4F7556}") = "HomeBlaze.MyStrom", "HomeBlaze.MyStrom\HomeBlaze.MyStrom.csproj", "{86515B8B-3FB4-469C-81D0-0609EB935642}"
EndProject
Project("{9A19103F-16F7-4668-BE54-9A1E7A4F7556}") = "HomeBlaze.Philips.Hue", "HomeBlaze.Philips.Hue\HomeBlaze.Philips.Hue.csproj", "{B30962CE-ED02-4B51-9DA2-9C45B9D88BB3}"
EndProject
Project("{9A19103F-16F7-4668-BE54-9A1E7A4F7556}") = "HomeBlaze.Components", "HomeBlaze.Components\HomeBlaze.Components.csproj", "{7F9F3F1B-C521-4FA6-A667-F263A3A46227}"
EndProject
Project("{9A19103F-16F7-4668-BE54-9A1E7A4F7556}") = "Namotion.Lights", "Namotion.Lights\Namotion.Lights.csproj", "{A2E08C03-2AA5-47F1-9E24-A22A7D70B135}"
EndProject
Project("{9A19103F-16F7-4668-BE54-9A1E7A4F7556}") = "Namotion.NuGetPlugins", "Namotion.NuGetPlugins\Namotion.NuGetPlugins.csproj", "{8A304D66-8814-44C2-BB66-F44FDEB61BAE}"
EndProject
Project("{9A19103F-16F7-4668-BE54-9A1E7A4F7556}") = "Namotion.NuGetPlugins.Sample", "Namotion.NuGetPlugins.Sample\Namotion.NuGetPlugins.Sample.csproj", "{384B2C0A-4755-4ADD-A8D3-1FC1FA3018F6}"
EndProject
Project("{9A19103F-16F7-4668-BE54-9A1E7A4F7556}") = "Namotion.NuGetPlugins.Tests", "Namotion.NuGetPlugins.Tests\Namotion.NuGetPlugins.Tests.csproj", "{E4963A00-704B-4B3F-90D6-3DE076A84C55}"
EndProject
Project("{2150E333-8FDC-42A3-9474-1A3956D46DE8}") = "Libraries", "Libraries", "{3FAFDF80-E35D-4817-A574-D766DAF3087C}"
EndProject
Project("{2150E333-8FDC-42A3-9474-1A3956D46DE8}") = "Plugins", "Plugins", "{C0DA79FF-A6FB-4148-8AB1-DB88ADD08DD2}"
EndProject
Project("{9A19103F-16F7-4668-BE54-9A1E7A4F7556}") = "HomeBlaze.Dynamic", "HomeBlaze.Dynamic\HomeBlaze.Dynamic.csproj", "{64C49E61-62C8-4948-A389-1FD42DD52C74}"
EndProject
Project("{9A19103F-16F7-4668-BE54-9A1E7A4F7556}") = "HomeBlaze.PushOver", "HomeBlaze.PushOver\HomeBlaze.PushOver.csproj", "{7E25BB70-7ECA-4B90-8BAA-2BAB52DA8E24}"
EndProject
Project("{9A19103F-16F7-4668-BE54-9A1E7A4F7556}") = "HomeBlaze.Nuki", "HomeBlaze.Nuki\HomeBlaze.Nuki.csproj", "{A0451853-360B-47BE-AA7A-B42D55E493B7}"
EndProject
Project("{9A19103F-16F7-4668-BE54-9A1E7A4F7556}") = "HomeBlaze.Asus.Router", "HomeBlaze.Asus.Router\HomeBlaze.Asus.Router.csproj", "{861D6EDC-8589-4A4D-AD3C-29C37E82F6FD}"
EndProject
Project("{9A19103F-16F7-4668-BE54-9A1E7A4F7556}") = "HomeBlaze.OpenWeatherMap", "HomeBlaze.OpenWeatherMap\HomeBlaze.OpenWeatherMap.csproj", "{D6822F86-BE59-472A-87FD-CACF554DFFBD}"
EndProject
Project("{9A19103F-16F7-4668-BE54-9A1E7A4F7556}") = "HomeBlaze.ThanksMister", "HomeBlaze.ThanksMister\HomeBlaze.ThanksMister.csproj", "{7AF8A166-6AFE-4E48-9441-4414CF3DCB2E}"
EndProject
Project("{9A19103F-16F7-4668-BE54-9A1E7A4F7556}") = "HomeBlaze.Xbox", "HomeBlaze.Xbox\HomeBlaze.Xbox.csproj", "{9502019D-4382-45B1-91C6-5E23C50A0CB3}"
EndProject
Project("{9A19103F-16F7-4668-BE54-9A1E7A4F7556}") = "HomeBlaze.Xbox.SmartGlass", "HomeBlaze.Xbox.SmartGlass\HomeBlaze.Xbox.SmartGlass.csproj", "{E81C13BC-22A9-4A26-9F8B-56EF18273040}"
EndProject
Project("{9A19103F-16F7-4668-BE54-9A1E7A4F7556}") = "HomeBlaze.Tesla", "HomeBlaze.Tesla\HomeBlaze.Tesla.csproj", "{CECB2934-A3D7-4367-B92C-29E60D8B4E06}"
EndProject
Project("{9A19103F-16F7-4668-BE54-9A1E7A4F7556}") = "HomeBlaze.Mqtt", "HomeBlaze.Mqtt\HomeBlaze.Mqtt.csproj", "{07310569-2985-4111-B78C-76710BCC7E30}"
EndProject
Project("{9A19103F-16F7-4668-BE54-9A1E7A4F7556}") = "HomeBlaze.Gardena", "HomeBlaze.Gardena\HomeBlaze.Gardena.csproj", "{88397972-BADA-4C73-ACCB-FFEAE784C49C}"
EndProject
Project("{9A19103F-16F7-4668-BE54-9A1E7A4F7556}") = "HomeBlaze.Logitech", "HomeBlaze.Logitech\HomeBlaze.Logitech.csproj", "{83A8AA4D-046E-41A8-A168-558CDA6A6BA4}"
EndProject
Project("{9A19103F-16F7-4668-BE54-9A1E7A4F7556}") = "HomeBlaze.Logitech.Harmony", "HomeBlaze.Logitech.Harmony\HomeBlaze.Logitech.Harmony.csproj", "{1F6DE970-E0D9-4BDC-BF8B-E10922A8EF62}"
EndProject
Project("{9A19103F-16F7-4668-BE54-9A1E7A4F7556}") = "HomeBlaze.Zwave", "HomeBlaze.Zwave\HomeBlaze.Zwave.csproj", "{FD4887D3-9F63-44CE-9777-A3C157B5281A}"
EndProject
Project("{9A19103F-16F7-4668-BE54-9A1E7A4F7556}") = "HomeBlaze.Host", "HomeBlaze.Host\HomeBlaze.Host.csproj", "{11F384B8-01FD-4B9A-9AF8-5EF79F50CA0F}"
EndProject
Project("{9A19103F-16F7-4668-BE54-9A1E7A4F7556}") = "HomeBlaze.Widgets", "HomeBlaze.Widgets\HomeBlaze.Widgets.csproj", "{9220ED43-6E3B-4B61-93D6-79E53157E54C}"
EndProject
Project("{9A19103F-16F7-4668-BE54-9A1E7A4F7556}") = "HomeBlaze.Things", "HomeBlaze.Things\HomeBlaze.Things.csproj", "{9831D652-DA03-4C1A-8439-70C589EEB445}"
EndProject
Global
	GlobalSection(SolutionConfigurationPlatforms) = preSolution
		Debug|Any CPU = Debug|Any CPU
		Release|Any CPU = Release|Any CPU
	EndGlobalSection
	GlobalSection(ProjectConfigurationPlatforms) = postSolution
		{8F77A432-8CE3-4D0D-A390-A06A0E0353DB}.Debug|Any CPU.ActiveCfg = Debug|Any CPU
		{8F77A432-8CE3-4D0D-A390-A06A0E0353DB}.Debug|Any CPU.Build.0 = Debug|Any CPU
		{8F77A432-8CE3-4D0D-A390-A06A0E0353DB}.Release|Any CPU.ActiveCfg = Release|Any CPU
		{8F77A432-8CE3-4D0D-A390-A06A0E0353DB}.Release|Any CPU.Build.0 = Release|Any CPU
		{1C63E210-5922-46A4-9758-CB00ED9B57C2}.Debug|Any CPU.ActiveCfg = Debug|Any CPU
		{1C63E210-5922-46A4-9758-CB00ED9B57C2}.Debug|Any CPU.Build.0 = Debug|Any CPU
		{1C63E210-5922-46A4-9758-CB00ED9B57C2}.Release|Any CPU.ActiveCfg = Release|Any CPU
		{1C63E210-5922-46A4-9758-CB00ED9B57C2}.Release|Any CPU.Build.0 = Release|Any CPU
		{6BE0BB84-2F02-4488-8D95-44767D189680}.Debug|Any CPU.ActiveCfg = Debug|Any CPU
		{6BE0BB84-2F02-4488-8D95-44767D189680}.Debug|Any CPU.Build.0 = Debug|Any CPU
		{6BE0BB84-2F02-4488-8D95-44767D189680}.Release|Any CPU.ActiveCfg = Release|Any CPU
		{6BE0BB84-2F02-4488-8D95-44767D189680}.Release|Any CPU.Build.0 = Release|Any CPU
		{8694C9A8-6C21-4A4E-961C-E5CB2CAC1B2A}.Debug|Any CPU.ActiveCfg = Debug|Any CPU
		{8694C9A8-6C21-4A4E-961C-E5CB2CAC1B2A}.Debug|Any CPU.Build.0 = Debug|Any CPU
		{8694C9A8-6C21-4A4E-961C-E5CB2CAC1B2A}.Release|Any CPU.ActiveCfg = Release|Any CPU
		{8694C9A8-6C21-4A4E-961C-E5CB2CAC1B2A}.Release|Any CPU.Build.0 = Release|Any CPU
		{86515B8B-3FB4-469C-81D0-0609EB935642}.Debug|Any CPU.ActiveCfg = Debug|Any CPU
		{86515B8B-3FB4-469C-81D0-0609EB935642}.Debug|Any CPU.Build.0 = Debug|Any CPU
		{86515B8B-3FB4-469C-81D0-0609EB935642}.Release|Any CPU.ActiveCfg = Release|Any CPU
		{86515B8B-3FB4-469C-81D0-0609EB935642}.Release|Any CPU.Build.0 = Release|Any CPU
		{B30962CE-ED02-4B51-9DA2-9C45B9D88BB3}.Debug|Any CPU.ActiveCfg = Debug|Any CPU
		{B30962CE-ED02-4B51-9DA2-9C45B9D88BB3}.Debug|Any CPU.Build.0 = Debug|Any CPU
		{B30962CE-ED02-4B51-9DA2-9C45B9D88BB3}.Release|Any CPU.ActiveCfg = Release|Any CPU
		{B30962CE-ED02-4B51-9DA2-9C45B9D88BB3}.Release|Any CPU.Build.0 = Release|Any CPU
		{7F9F3F1B-C521-4FA6-A667-F263A3A46227}.Debug|Any CPU.ActiveCfg = Debug|Any CPU
		{7F9F3F1B-C521-4FA6-A667-F263A3A46227}.Debug|Any CPU.Build.0 = Debug|Any CPU
		{7F9F3F1B-C521-4FA6-A667-F263A3A46227}.Release|Any CPU.ActiveCfg = Release|Any CPU
		{7F9F3F1B-C521-4FA6-A667-F263A3A46227}.Release|Any CPU.Build.0 = Release|Any CPU
		{A2E08C03-2AA5-47F1-9E24-A22A7D70B135}.Debug|Any CPU.ActiveCfg = Debug|Any CPU
		{A2E08C03-2AA5-47F1-9E24-A22A7D70B135}.Debug|Any CPU.Build.0 = Debug|Any CPU
		{A2E08C03-2AA5-47F1-9E24-A22A7D70B135}.Release|Any CPU.ActiveCfg = Release|Any CPU
		{A2E08C03-2AA5-47F1-9E24-A22A7D70B135}.Release|Any CPU.Build.0 = Release|Any CPU
		{8A304D66-8814-44C2-BB66-F44FDEB61BAE}.Debug|Any CPU.ActiveCfg = Debug|Any CPU
		{8A304D66-8814-44C2-BB66-F44FDEB61BAE}.Debug|Any CPU.Build.0 = Debug|Any CPU
		{8A304D66-8814-44C2-BB66-F44FDEB61BAE}.Release|Any CPU.ActiveCfg = Release|Any CPU
		{8A304D66-8814-44C2-BB66-F44FDEB61BAE}.Release|Any CPU.Build.0 = Release|Any CPU
		{384B2C0A-4755-4ADD-A8D3-1FC1FA3018F6}.Debug|Any CPU.ActiveCfg = Debug|Any CPU
		{384B2C0A-4755-4ADD-A8D3-1FC1FA3018F6}.Debug|Any CPU.Build.0 = Debug|Any CPU
		{384B2C0A-4755-4ADD-A8D3-1FC1FA3018F6}.Release|Any CPU.ActiveCfg = Release|Any CPU
		{384B2C0A-4755-4ADD-A8D3-1FC1FA3018F6}.Release|Any CPU.Build.0 = Release|Any CPU
		{E4963A00-704B-4B3F-90D6-3DE076A84C55}.Debug|Any CPU.ActiveCfg = Debug|Any CPU
		{E4963A00-704B-4B3F-90D6-3DE076A84C55}.Debug|Any CPU.Build.0 = Debug|Any CPU
		{E4963A00-704B-4B3F-90D6-3DE076A84C55}.Release|Any CPU.ActiveCfg = Release|Any CPU
		{E4963A00-704B-4B3F-90D6-3DE076A84C55}.Release|Any CPU.Build.0 = Release|Any CPU
		{64C49E61-62C8-4948-A389-1FD42DD52C74}.Debug|Any CPU.ActiveCfg = Debug|Any CPU
		{64C49E61-62C8-4948-A389-1FD42DD52C74}.Debug|Any CPU.Build.0 = Debug|Any CPU
		{64C49E61-62C8-4948-A389-1FD42DD52C74}.Release|Any CPU.ActiveCfg = Release|Any CPU
		{64C49E61-62C8-4948-A389-1FD42DD52C74}.Release|Any CPU.Build.0 = Release|Any CPU
		{7E25BB70-7ECA-4B90-8BAA-2BAB52DA8E24}.Debug|Any CPU.ActiveCfg = Debug|Any CPU
		{7E25BB70-7ECA-4B90-8BAA-2BAB52DA8E24}.Debug|Any CPU.Build.0 = Debug|Any CPU
		{7E25BB70-7ECA-4B90-8BAA-2BAB52DA8E24}.Release|Any CPU.ActiveCfg = Release|Any CPU
		{7E25BB70-7ECA-4B90-8BAA-2BAB52DA8E24}.Release|Any CPU.Build.0 = Release|Any CPU
		{A0451853-360B-47BE-AA7A-B42D55E493B7}.Debug|Any CPU.ActiveCfg = Debug|Any CPU
		{A0451853-360B-47BE-AA7A-B42D55E493B7}.Debug|Any CPU.Build.0 = Debug|Any CPU
		{A0451853-360B-47BE-AA7A-B42D55E493B7}.Release|Any CPU.ActiveCfg = Release|Any CPU
		{A0451853-360B-47BE-AA7A-B42D55E493B7}.Release|Any CPU.Build.0 = Release|Any CPU
		{861D6EDC-8589-4A4D-AD3C-29C37E82F6FD}.Debug|Any CPU.ActiveCfg = Debug|Any CPU
		{861D6EDC-8589-4A4D-AD3C-29C37E82F6FD}.Debug|Any CPU.Build.0 = Debug|Any CPU
		{861D6EDC-8589-4A4D-AD3C-29C37E82F6FD}.Release|Any CPU.ActiveCfg = Release|Any CPU
		{861D6EDC-8589-4A4D-AD3C-29C37E82F6FD}.Release|Any CPU.Build.0 = Release|Any CPU
		{D6822F86-BE59-472A-87FD-CACF554DFFBD}.Debug|Any CPU.ActiveCfg = Debug|Any CPU
		{D6822F86-BE59-472A-87FD-CACF554DFFBD}.Debug|Any CPU.Build.0 = Debug|Any CPU
		{D6822F86-BE59-472A-87FD-CACF554DFFBD}.Release|Any CPU.ActiveCfg = Release|Any CPU
		{D6822F86-BE59-472A-87FD-CACF554DFFBD}.Release|Any CPU.Build.0 = Release|Any CPU
		{7AF8A166-6AFE-4E48-9441-4414CF3DCB2E}.Debug|Any CPU.ActiveCfg = Debug|Any CPU
		{7AF8A166-6AFE-4E48-9441-4414CF3DCB2E}.Debug|Any CPU.Build.0 = Debug|Any CPU
		{7AF8A166-6AFE-4E48-9441-4414CF3DCB2E}.Release|Any CPU.ActiveCfg = Release|Any CPU
		{7AF8A166-6AFE-4E48-9441-4414CF3DCB2E}.Release|Any CPU.Build.0 = Release|Any CPU
		{9502019D-4382-45B1-91C6-5E23C50A0CB3}.Debug|Any CPU.ActiveCfg = Debug|Any CPU
		{9502019D-4382-45B1-91C6-5E23C50A0CB3}.Debug|Any CPU.Build.0 = Debug|Any CPU
		{9502019D-4382-45B1-91C6-5E23C50A0CB3}.Release|Any CPU.ActiveCfg = Release|Any CPU
		{9502019D-4382-45B1-91C6-5E23C50A0CB3}.Release|Any CPU.Build.0 = Release|Any CPU
		{E81C13BC-22A9-4A26-9F8B-56EF18273040}.Debug|Any CPU.ActiveCfg = Debug|Any CPU
		{E81C13BC-22A9-4A26-9F8B-56EF18273040}.Debug|Any CPU.Build.0 = Debug|Any CPU
		{E81C13BC-22A9-4A26-9F8B-56EF18273040}.Release|Any CPU.ActiveCfg = Release|Any CPU
		{E81C13BC-22A9-4A26-9F8B-56EF18273040}.Release|Any CPU.Build.0 = Release|Any CPU
		{CECB2934-A3D7-4367-B92C-29E60D8B4E06}.Debug|Any CPU.ActiveCfg = Debug|Any CPU
		{CECB2934-A3D7-4367-B92C-29E60D8B4E06}.Debug|Any CPU.Build.0 = Debug|Any CPU
		{CECB2934-A3D7-4367-B92C-29E60D8B4E06}.Release|Any CPU.ActiveCfg = Release|Any CPU
		{CECB2934-A3D7-4367-B92C-29E60D8B4E06}.Release|Any CPU.Build.0 = Release|Any CPU
		{07310569-2985-4111-B78C-76710BCC7E30}.Debug|Any CPU.ActiveCfg = Debug|Any CPU
		{07310569-2985-4111-B78C-76710BCC7E30}.Debug|Any CPU.Build.0 = Debug|Any CPU
		{07310569-2985-4111-B78C-76710BCC7E30}.Release|Any CPU.ActiveCfg = Release|Any CPU
		{07310569-2985-4111-B78C-76710BCC7E30}.Release|Any CPU.Build.0 = Release|Any CPU
		{88397972-BADA-4C73-ACCB-FFEAE784C49C}.Debug|Any CPU.ActiveCfg = Debug|Any CPU
		{88397972-BADA-4C73-ACCB-FFEAE784C49C}.Debug|Any CPU.Build.0 = Debug|Any CPU
		{88397972-BADA-4C73-ACCB-FFEAE784C49C}.Release|Any CPU.ActiveCfg = Release|Any CPU
		{88397972-BADA-4C73-ACCB-FFEAE784C49C}.Release|Any CPU.Build.0 = Release|Any CPU
		{83A8AA4D-046E-41A8-A168-558CDA6A6BA4}.Debug|Any CPU.ActiveCfg = Debug|Any CPU
		{83A8AA4D-046E-41A8-A168-558CDA6A6BA4}.Debug|Any CPU.Build.0 = Debug|Any CPU
		{83A8AA4D-046E-41A8-A168-558CDA6A6BA4}.Release|Any CPU.ActiveCfg = Release|Any CPU
		{83A8AA4D-046E-41A8-A168-558CDA6A6BA4}.Release|Any CPU.Build.0 = Release|Any CPU
		{1F6DE970-E0D9-4BDC-BF8B-E10922A8EF62}.Debug|Any CPU.ActiveCfg = Debug|Any CPU
		{1F6DE970-E0D9-4BDC-BF8B-E10922A8EF62}.Debug|Any CPU.Build.0 = Debug|Any CPU
		{1F6DE970-E0D9-4BDC-BF8B-E10922A8EF62}.Release|Any CPU.ActiveCfg = Release|Any CPU
		{1F6DE970-E0D9-4BDC-BF8B-E10922A8EF62}.Release|Any CPU.Build.0 = Release|Any CPU
		{FD4887D3-9F63-44CE-9777-A3C157B5281A}.Debug|Any CPU.ActiveCfg = Debug|Any CPU
		{FD4887D3-9F63-44CE-9777-A3C157B5281A}.Debug|Any CPU.Build.0 = Debug|Any CPU
		{FD4887D3-9F63-44CE-9777-A3C157B5281A}.Release|Any CPU.ActiveCfg = Release|Any CPU
		{FD4887D3-9F63-44CE-9777-A3C157B5281A}.Release|Any CPU.Build.0 = Release|Any CPU
		{11F384B8-01FD-4B9A-9AF8-5EF79F50CA0F}.Debug|Any CPU.ActiveCfg = Debug|Any CPU
		{11F384B8-01FD-4B9A-9AF8-5EF79F50CA0F}.Debug|Any CPU.Build.0 = Debug|Any CPU
		{11F384B8-01FD-4B9A-9AF8-5EF79F50CA0F}.Release|Any CPU.ActiveCfg = Release|Any CPU
		{11F384B8-01FD-4B9A-9AF8-5EF79F50CA0F}.Release|Any CPU.Build.0 = Release|Any CPU
		{9220ED43-6E3B-4B61-93D6-79E53157E54C}.Debug|Any CPU.ActiveCfg = Debug|Any CPU
		{9220ED43-6E3B-4B61-93D6-79E53157E54C}.Debug|Any CPU.Build.0 = Debug|Any CPU
		{9220ED43-6E3B-4B61-93D6-79E53157E54C}.Release|Any CPU.ActiveCfg = Release|Any CPU
		{9220ED43-6E3B-4B61-93D6-79E53157E54C}.Release|Any CPU.Build.0 = Release|Any CPU
		{9831D652-DA03-4C1A-8439-70C589EEB445}.Debug|Any CPU.ActiveCfg = Debug|Any CPU
		{9831D652-DA03-4C1A-8439-70C589EEB445}.Debug|Any CPU.Build.0 = Debug|Any CPU
		{9831D652-DA03-4C1A-8439-70C589EEB445}.Release|Any CPU.ActiveCfg = Release|Any CPU
		{9831D652-DA03-4C1A-8439-70C589EEB445}.Release|Any CPU.Build.0 = Release|Any CPU
	EndGlobalSection
	GlobalSection(SolutionProperties) = preSolution
		HideSolutionNode = FALSE
	EndGlobalSection
	GlobalSection(NestedProjects) = preSolution
		{86515B8B-3FB4-469C-81D0-0609EB935642} = {EE54A413-EECC-426E-A0AE-9E0A7FAEACB2}
		{B30962CE-ED02-4B51-9DA2-9C45B9D88BB3} = {EE54A413-EECC-426E-A0AE-9E0A7FAEACB2}
		{A2E08C03-2AA5-47F1-9E24-A22A7D70B135} = {C0DA79FF-A6FB-4148-8AB1-DB88ADD08DD2}
		{8A304D66-8814-44C2-BB66-F44FDEB61BAE} = {3FAFDF80-E35D-4817-A574-D766DAF3087C}
		{384B2C0A-4755-4ADD-A8D3-1FC1FA3018F6} = {3FAFDF80-E35D-4817-A574-D766DAF3087C}
		{E4963A00-704B-4B3F-90D6-3DE076A84C55} = {3FAFDF80-E35D-4817-A574-D766DAF3087C}
		{7E25BB70-7ECA-4B90-8BAA-2BAB52DA8E24} = {EE54A413-EECC-426E-A0AE-9E0A7FAEACB2}
		{A0451853-360B-47BE-AA7A-B42D55E493B7} = {EE54A413-EECC-426E-A0AE-9E0A7FAEACB2}
		{861D6EDC-8589-4A4D-AD3C-29C37E82F6FD} = {EE54A413-EECC-426E-A0AE-9E0A7FAEACB2}
		{D6822F86-BE59-472A-87FD-CACF554DFFBD} = {EE54A413-EECC-426E-A0AE-9E0A7FAEACB2}
		{7AF8A166-6AFE-4E48-9441-4414CF3DCB2E} = {EE54A413-EECC-426E-A0AE-9E0A7FAEACB2}
		{9502019D-4382-45B1-91C6-5E23C50A0CB3} = {EE54A413-EECC-426E-A0AE-9E0A7FAEACB2}
		{E81C13BC-22A9-4A26-9F8B-56EF18273040} = {EE54A413-EECC-426E-A0AE-9E0A7FAEACB2}
		{CECB2934-A3D7-4367-B92C-29E60D8B4E06} = {EE54A413-EECC-426E-A0AE-9E0A7FAEACB2}
		{07310569-2985-4111-B78C-76710BCC7E30} = {EE54A413-EECC-426E-A0AE-9E0A7FAEACB2}
		{88397972-BADA-4C73-ACCB-FFEAE784C49C} = {EE54A413-EECC-426E-A0AE-9E0A7FAEACB2}
		{83A8AA4D-046E-41A8-A168-558CDA6A6BA4} = {EE54A413-EECC-426E-A0AE-9E0A7FAEACB2}
		{1F6DE970-E0D9-4BDC-BF8B-E10922A8EF62} = {EE54A413-EECC-426E-A0AE-9E0A7FAEACB2}
		{FD4887D3-9F63-44CE-9777-A3C157B5281A} = {EE54A413-EECC-426E-A0AE-9E0A7FAEACB2}
	EndGlobalSection
	GlobalSection(ExtensibilityGlobals) = postSolution
		SolutionGuid = {67090661-749A-440E-BA59-292FCE80B866}
	EndGlobalSection
EndGlobal
